{
  "version": 4,
  "terraform_version": "1.6.3",
  "serial": 868,
  "lineage": "f0a6003c-575d-e137-7d5d-bbfb7f8e6ece",
  "outputs": {},
  "resources": [
    {
      "module": "module.app-ec2-instance",
      "mode": "data",
      "type": "aws_partition",
      "name": "current",
      "provider": "provider[\"registry.terraform.io/hashicorp/aws\"]",
      "instances": [
        {
          "schema_version": 0,
          "attributes": {
            "dns_suffix": "amazonaws.com",
            "id": "aws",
            "partition": "aws",
            "reverse_dns_prefix": "com.amazonaws"
          },
          "sensitive_attributes": []
        }
      ]
    },
    {
      "module": "module.app-ec2-instance",
      "mode": "data",
      "type": "aws_ssm_parameter",
      "name": "this",
      "provider": "provider[\"registry.terraform.io/hashicorp/aws\"]",
      "instances": [
        {
          "index_key": 0,
          "schema_version": 0,
          "attributes": {
            "arn": "arn:aws:ssm:us-east-1::parameter/aws/service/ami-amazon-linux-latest/amzn2-ami-hvm-x86_64-gp2",
            "id": "/aws/service/ami-amazon-linux-latest/amzn2-ami-hvm-x86_64-gp2",
            "insecure_value": "ami-076c7acfc9e8ee57d",
            "name": "/aws/service/ami-amazon-linux-latest/amzn2-ami-hvm-x86_64-gp2",
            "type": "String",
            "value": "ami-076c7acfc9e8ee57d",
            "version": 101,
            "with_decryption": true
          },
          "sensitive_attributes": []
        }
      ]
    },
    {
      "module": "module.app-ec2-instance",
      "mode": "managed",
      "type": "aws_instance",
      "name": "this",
      "provider": "provider[\"registry.terraform.io/hashicorp/aws\"]",
      "instances": [
        {
          "index_key": 0,
          "schema_version": 1,
          "attributes": {
            "ami": "ami-076c7acfc9e8ee57d",
            "arn": "arn:aws:ec2:us-east-1:571207880192:instance/i-0acf576120f167833",
            "associate_public_ip_address": true,
            "availability_zone": "us-east-1a",
            "capacity_reservation_specification": [
              {
                "capacity_reservation_preference": "open",
                "capacity_reservation_target": []
              }
            ],
            "cpu_core_count": 1,
            "cpu_options": [
              {
                "amd_sev_snp": "",
                "core_count": 1,
                "threads_per_core": 1
              }
            ],
            "cpu_threads_per_core": 1,
            "credit_specification": [
              {
                "cpu_credits": "standard"
              }
            ],
            "disable_api_stop": false,
            "disable_api_termination": false,
            "ebs_block_device": [],
            "ebs_optimized": false,
            "enclave_options": [
              {
                "enabled": false
              }
            ],
            "ephemeral_block_device": [],
            "get_password_data": false,
            "hibernation": false,
            "host_id": "",
            "host_resource_group_arn": null,
            "iam_instance_profile": "",
            "id": "i-0acf576120f167833",
            "instance_initiated_shutdown_behavior": "stop",
            "instance_lifecycle": "",
            "instance_market_options": [],
            "instance_state": "running",
            "instance_type": "t2.micro",
            "ipv6_address_count": 0,
            "ipv6_addresses": [],
            "key_name": "FPT-Private-Key",
            "launch_template": [],
            "maintenance_options": [
              {
                "auto_recovery": "default"
              }
            ],
            "metadata_options": [
              {
                "http_endpoint": "enabled",
                "http_protocol_ipv6": "disabled",
                "http_put_response_hop_limit": 1,
                "http_tokens": "optional",
                "instance_metadata_tags": "disabled"
              }
            ],
            "monitoring": true,
            "network_interface": [],
            "outpost_arn": "",
            "password_data": "",
            "placement_group": "",
            "placement_partition_number": 0,
            "primary_network_interface_id": "eni-00c65098aadf4b593",
            "private_dns": "ip-172-168-3-179.ec2.internal",
            "private_dns_name_options": [
              {
                "enable_resource_name_dns_a_record": false,
                "enable_resource_name_dns_aaaa_record": false,
                "hostname_type": "ip-name"
              }
            ],
            "private_ip": "172.168.3.179",
            "public_dns": "ec2-54-235-35-35.compute-1.amazonaws.com",
            "public_ip": "54.235.35.35",
            "root_block_device": [
              {
                "delete_on_termination": true,
                "device_name": "/dev/xvda",
                "encrypted": false,
                "iops": 100,
                "kms_key_id": "",
                "tags": {},
                "throughput": 0,
                "volume_id": "vol-0f77f871a8f63084e",
                "volume_size": 8,
                "volume_type": "gp2"
              }
            ],
            "secondary_private_ips": [],
            "security_groups": [],
            "source_dest_check": true,
            "spot_instance_request_id": "",
            "subnet_id": "subnet-08345badab203fef0",
            "tags": {
              "Name": "FPT-app-ec2-instance"
            },
            "tags_all": {
              "Name": "FPT-app-ec2-instance"
            },
            "tenancy": "default",
            "timeouts": {
              "create": null,
              "delete": null,
              "update": null
            },
            "user_data": null,
            "user_data_base64": null,
            "user_data_replace_on_change": false,
            "volume_tags": {
              "Name": "app-ec2-instance"
            },
            "vpc_security_group_ids": [
              "sg-0ef6b9298f9bffdae"
            ]
          },
          "sensitive_attributes": [],
          "private": "eyJlMmJmYjczMC1lY2FhLTExZTYtOGY4OC0zNDM2M2JjN2M0YzAiOnsiY3JlYXRlIjo2MDAwMDAwMDAwMDAsImRlbGV0ZSI6MTIwMDAwMDAwMDAwMCwidXBkYXRlIjo2MDAwMDAwMDAwMDB9LCJzY2hlbWFfdmVyc2lvbiI6IjEifQ==",
          "dependencies": [
            "module.app-ec2-instance.aws_iam_instance_profile.this",
            "module.app-ec2-instance.aws_iam_role.this",
            "module.app-ec2-instance.data.aws_iam_policy_document.assume_role_policy",
            "module.app-ec2-instance.data.aws_partition.current",
            "module.app-ec2-instance.data.aws_ssm_parameter.this",
            "module.app-security-group.aws_security_group.this",
            "module.app-security-group.aws_security_group.this_name_prefix",
            "module.key-pair.aws_key_pair.this",
            "module.key-pair.tls_private_key.this",
            "module.vpc.aws_subnet.private",
            "module.vpc.aws_vpc.this",
            "module.vpc.aws_vpc_ipv4_cidr_block_association.this"
          ]
        }
      ]
    },
    {
      "module": "module.app-security-group",
      "mode": "managed",
      "type": "aws_security_group",
      "name": "this_name_prefix",
      "provider": "provider[\"registry.terraform.io/hashicorp/aws\"]",
      "instances": [
        {
          "index_key": 0,
          "schema_version": 1,
          "attributes": {
            "arn": "arn:aws:ec2:us-east-1:571207880192:security-group/sg-0ef6b9298f9bffdae",
            "description": "Security group that handles traffic for the app server",
            "egress": [],
            "id": "sg-0ef6b9298f9bffdae",
            "ingress": [],
            "name": "app-security-group-20231117171206815900000003",
            "name_prefix": "app-security-group-",
            "owner_id": "571207880192",
            "revoke_rules_on_delete": false,
            "tags": {
              "Name": "FPT-app-sg"
            },
            "tags_all": {
              "Name": "FPT-app-sg"
            },
            "timeouts": {
              "create": "10m",
              "delete": "15m"
            },
            "vpc_id": "vpc-092206a3ad9a60136"
          },
          "sensitive_attributes": [],
          "private": "eyJlMmJmYjczMC1lY2FhLTExZTYtOGY4OC0zNDM2M2JjN2M0YzAiOnsiY3JlYXRlIjo2MDAwMDAwMDAwMDAsImRlbGV0ZSI6OTAwMDAwMDAwMDAwfSwic2NoZW1hX3ZlcnNpb24iOiIxIn0=",
          "dependencies": [
            "module.vpc.aws_vpc.this"
          ],
          "create_before_destroy": true
        }
      ]
    },
    {
      "module": "module.app-security-group",
      "mode": "managed",
      "type": "aws_security_group_rule",
      "name": "egress_rules",
      "provider": "provider[\"registry.terraform.io/hashicorp/aws\"]",
      "instances": [
        {
          "index_key": 0,
          "schema_version": 2,
          "attributes": {
            "cidr_blocks": [
              "0.0.0.0/0"
            ],
            "description": "All protocols",
            "from_port": -1,
            "id": "sgrule-3526745699",
            "ipv6_cidr_blocks": [
              "::/0"
            ],
            "prefix_list_ids": [],
            "protocol": "-1",
            "security_group_id": "sg-0ef6b9298f9bffdae",
            "security_group_rule_id": "",
            "self": false,
            "source_security_group_id": null,
            "timeouts": null,
            "to_port": -1,
            "type": "egress"
          },
          "sensitive_attributes": [],
          "private": "eyJlMmJmYjczMC1lY2FhLTExZTYtOGY4OC0zNDM2M2JjN2M0YzAiOnsiY3JlYXRlIjozMDAwMDAwMDAwMDB9LCJzY2hlbWFfdmVyc2lvbiI6IjIifQ==",
          "dependencies": [
            "module.app-security-group.aws_security_group.this",
            "module.app-security-group.aws_security_group.this_name_prefix",
            "module.vpc.aws_vpc.this"
          ]
        }
      ]
    },
    {
      "module": "module.app-security-group",
      "mode": "managed",
      "type": "aws_security_group_rule",
      "name": "ingress_rules",
      "provider": "provider[\"registry.terraform.io/hashicorp/aws\"]",
      "instances": [
        {
          "index_key": 0,
          "schema_version": 2,
          "attributes": {
            "cidr_blocks": [
              "0.0.0.0/0"
            ],
            "description": "HTTP",
            "from_port": 80,
            "id": "sgrule-2141509238",
            "ipv6_cidr_blocks": [],
            "prefix_list_ids": [],
            "protocol": "tcp",
            "security_group_id": "sg-0ef6b9298f9bffdae",
            "security_group_rule_id": "sgr-05231cf9598017883",
            "self": false,
            "source_security_group_id": null,
            "timeouts": null,
            "to_port": 80,
            "type": "ingress"
          },
          "sensitive_attributes": [],
          "private": "eyJlMmJmYjczMC1lY2FhLTExZTYtOGY4OC0zNDM2M2JjN2M0YzAiOnsiY3JlYXRlIjozMDAwMDAwMDAwMDB9LCJzY2hlbWFfdmVyc2lvbiI6IjIifQ==",
          "dependencies": [
            "module.app-security-group.aws_security_group.this",
            "module.app-security-group.aws_security_group.this_name_prefix",
            "module.vpc.aws_vpc.this"
          ]
        },
        {
          "index_key": 1,
          "schema_version": 2,
          "attributes": {
            "cidr_blocks": [
              "0.0.0.0/0"
            ],
            "description": "HTTPS",
            "from_port": 443,
            "id": "sgrule-2968958151",
            "ipv6_cidr_blocks": [],
            "prefix_list_ids": [],
            "protocol": "tcp",
            "security_group_id": "sg-0ef6b9298f9bffdae",
            "security_group_rule_id": "sgr-07b7ef6c33296554b",
            "self": false,
            "source_security_group_id": null,
            "timeouts": null,
            "to_port": 443,
            "type": "ingress"
          },
          "sensitive_attributes": [],
          "private": "eyJlMmJmYjczMC1lY2FhLTExZTYtOGY4OC0zNDM2M2JjN2M0YzAiOnsiY3JlYXRlIjozMDAwMDAwMDAwMDB9LCJzY2hlbWFfdmVyc2lvbiI6IjIifQ==",
          "dependencies": [
            "module.app-security-group.aws_security_group.this",
            "module.app-security-group.aws_security_group.this_name_prefix",
            "module.vpc.aws_vpc.this"
          ]
        }
      ]
    },
    {
      "module": "module.bastion-ec2-instance",
      "mode": "data",
      "type": "aws_partition",
      "name": "current",
      "provider": "provider[\"registry.terraform.io/hashicorp/aws\"]",
      "instances": [
        {
          "schema_version": 0,
          "attributes": {
            "dns_suffix": "amazonaws.com",
            "id": "aws",
            "partition": "aws",
            "reverse_dns_prefix": "com.amazonaws"
          },
          "sensitive_attributes": []
        }
      ]
    },
    {
      "module": "module.bastion-ec2-instance",
      "mode": "data",
      "type": "aws_ssm_parameter",
      "name": "this",
      "provider": "provider[\"registry.terraform.io/hashicorp/aws\"]",
      "instances": [
        {
          "index_key": 0,
          "schema_version": 0,
          "attributes": {
            "arn": "arn:aws:ssm:us-east-1::parameter/aws/service/ami-amazon-linux-latest/amzn2-ami-hvm-x86_64-gp2",
            "id": "/aws/service/ami-amazon-linux-latest/amzn2-ami-hvm-x86_64-gp2",
            "insecure_value": "ami-076c7acfc9e8ee57d",
            "name": "/aws/service/ami-amazon-linux-latest/amzn2-ami-hvm-x86_64-gp2",
            "type": "String",
            "value": "ami-076c7acfc9e8ee57d",
            "version": 101,
            "with_decryption": true
          },
          "sensitive_attributes": []
        }
      ]
    },
    {
      "module": "module.bastion-ec2-instance",
      "mode": "managed",
      "type": "aws_instance",
      "name": "this",
      "provider": "provider[\"registry.terraform.io/hashicorp/aws\"]",
      "instances": [
        {
          "index_key": 0,
          "schema_version": 1,
          "attributes": {
            "ami": "ami-076c7acfc9e8ee57d",
            "arn": "arn:aws:ec2:us-east-1:571207880192:instance/i-04786260e71d88bf6",
            "associate_public_ip_address": true,
            "availability_zone": "us-east-1a",
            "capacity_reservation_specification": [
              {
                "capacity_reservation_preference": "open",
                "capacity_reservation_target": []
              }
            ],
            "cpu_core_count": 1,
            "cpu_options": [
              {
                "amd_sev_snp": "",
                "core_count": 1,
                "threads_per_core": 1
              }
            ],
            "cpu_threads_per_core": 1,
            "credit_specification": [
              {
                "cpu_credits": "standard"
              }
            ],
            "disable_api_stop": false,
            "disable_api_termination": false,
            "ebs_block_device": [],
            "ebs_optimized": false,
            "enclave_options": [
              {
                "enabled": false
              }
            ],
            "ephemeral_block_device": [],
            "get_password_data": false,
            "hibernation": false,
            "host_id": "",
            "host_resource_group_arn": null,
            "iam_instance_profile": "",
            "id": "i-04786260e71d88bf6",
            "instance_initiated_shutdown_behavior": "stop",
            "instance_lifecycle": "",
            "instance_market_options": [],
            "instance_state": "running",
            "instance_type": "t2.micro",
            "ipv6_address_count": 0,
            "ipv6_addresses": [],
            "key_name": "FPT-Private-Key",
            "launch_template": [],
            "maintenance_options": [
              {
                "auto_recovery": "default"
              }
            ],
            "metadata_options": [
              {
                "http_endpoint": "enabled",
                "http_protocol_ipv6": "disabled",
                "http_put_response_hop_limit": 1,
                "http_tokens": "optional",
                "instance_metadata_tags": "disabled"
              }
            ],
            "monitoring": true,
            "network_interface": [],
            "outpost_arn": "",
            "password_data": "",
            "placement_group": "",
            "placement_partition_number": 0,
            "primary_network_interface_id": "eni-09945c16404db19e9",
            "private_dns": "ip-172-168-50-53.ec2.internal",
            "private_dns_name_options": [
              {
                "enable_resource_name_dns_a_record": false,
                "enable_resource_name_dns_aaaa_record": false,
                "hostname_type": "ip-name"
              }
            ],
            "private_ip": "172.168.50.53",
            "public_dns": "ec2-54-91-19-199.compute-1.amazonaws.com",
            "public_ip": "54.91.19.199",
            "root_block_device": [
              {
                "delete_on_termination": true,
                "device_name": "/dev/xvda",
                "encrypted": false,
                "iops": 100,
                "kms_key_id": "",
                "tags": {},
                "throughput": 0,
                "volume_id": "vol-0453d59718bbc6b34",
                "volume_size": 8,
                "volume_type": "gp2"
              }
            ],
            "secondary_private_ips": [],
            "security_groups": [],
            "source_dest_check": true,
            "spot_instance_request_id": "",
            "subnet_id": "subnet-046cbe03c42a2e96b",
            "tags": {
              "Name": "FPT-bastion-ec2-instance"
            },
            "tags_all": {
              "Name": "FPT-bastion-ec2-instance"
            },
            "tenancy": "default",
            "timeouts": {
              "create": null,
              "delete": null,
              "update": null
            },
            "user_data": null,
            "user_data_base64": null,
            "user_data_replace_on_change": false,
            "volume_tags": {
              "Name": "bastion-ec2-instance"
            },
            "vpc_security_group_ids": [
              "sg-00ca4d6cee2bd9981"
            ]
          },
          "sensitive_attributes": [],
          "private": "eyJlMmJmYjczMC1lY2FhLTExZTYtOGY4OC0zNDM2M2JjN2M0YzAiOnsiY3JlYXRlIjo2MDAwMDAwMDAwMDAsImRlbGV0ZSI6MTIwMDAwMDAwMDAwMCwidXBkYXRlIjo2MDAwMDAwMDAwMDB9LCJzY2hlbWFfdmVyc2lvbiI6IjEifQ==",
          "dependencies": [
            "module.bastion-ec2-instance.aws_iam_instance_profile.this",
            "module.bastion-ec2-instance.aws_iam_role.this",
            "module.bastion-ec2-instance.data.aws_iam_policy_document.assume_role_policy",
            "module.bastion-ec2-instance.data.aws_partition.current",
            "module.bastion-ec2-instance.data.aws_ssm_parameter.this",
            "module.bastion-security-group.aws_security_group.this",
            "module.bastion-security-group.aws_security_group.this_name_prefix",
            "module.key-pair.aws_key_pair.this",
            "module.key-pair.tls_private_key.this",
            "module.vpc.aws_subnet.public",
            "module.vpc.aws_vpc.this",
            "module.vpc.aws_vpc_ipv4_cidr_block_association.this"
          ]
        }
      ]
    },
    {
      "module": "module.bastion-security-group",
      "mode": "managed",
      "type": "aws_security_group",
      "name": "this_name_prefix",
      "provider": "provider[\"registry.terraform.io/hashicorp/aws\"]",
      "instances": [
        {
          "index_key": 0,
          "schema_version": 1,
          "attributes": {
            "arn": "arn:aws:ec2:us-east-1:571207880192:security-group/sg-00ca4d6cee2bd9981",
            "description": "The security group which enables ssh access to the bastion server from the workstation IP address",
            "egress": [],
            "id": "sg-00ca4d6cee2bd9981",
            "ingress": [],
            "name": "bastion-security-group-20231117171207620600000005",
            "name_prefix": "bastion-security-group-",
            "owner_id": "571207880192",
            "revoke_rules_on_delete": false,
            "tags": {
              "Name": "FPT-bastion-sg"
            },
            "tags_all": {
              "Name": "FPT-bastion-sg"
            },
            "timeouts": {
              "create": "10m",
              "delete": "15m"
            },
            "vpc_id": "vpc-092206a3ad9a60136"
          },
          "sensitive_attributes": [],
          "private": "eyJlMmJmYjczMC1lY2FhLTExZTYtOGY4OC0zNDM2M2JjN2M0YzAiOnsiY3JlYXRlIjo2MDAwMDAwMDAwMDAsImRlbGV0ZSI6OTAwMDAwMDAwMDAwfSwic2NoZW1hX3ZlcnNpb24iOiIxIn0=",
          "dependencies": [
            "module.vpc.aws_vpc.this"
          ],
          "create_before_destroy": true
        }
      ]
    },
    {
      "module": "module.bastion-security-group",
      "mode": "managed",
      "type": "aws_security_group_rule",
      "name": "egress_rules",
      "provider": "provider[\"registry.terraform.io/hashicorp/aws\"]",
      "instances": [
        {
          "index_key": 0,
          "schema_version": 2,
          "attributes": {
            "cidr_blocks": [
              "0.0.0.0/0"
            ],
            "description": "All protocols",
            "from_port": -1,
            "id": "sgrule-2319782710",
            "ipv6_cidr_blocks": [
              "::/0"
            ],
            "prefix_list_ids": [],
            "protocol": "-1",
            "security_group_id": "sg-00ca4d6cee2bd9981",
            "security_group_rule_id": "",
            "self": false,
            "source_security_group_id": null,
            "timeouts": null,
            "to_port": -1,
            "type": "egress"
          },
          "sensitive_attributes": [],
          "private": "eyJlMmJmYjczMC1lY2FhLTExZTYtOGY4OC0zNDM2M2JjN2M0YzAiOnsiY3JlYXRlIjozMDAwMDAwMDAwMDB9LCJzY2hlbWFfdmVyc2lvbiI6IjIifQ==",
          "dependencies": [
            "module.bastion-security-group.aws_security_group.this",
            "module.bastion-security-group.aws_security_group.this_name_prefix",
            "module.vpc.aws_vpc.this"
          ]
        }
      ]
    },
    {
      "module": "module.bastion-security-group",
      "mode": "managed",
      "type": "aws_security_group_rule",
      "name": "ingress_rules",
      "provider": "provider[\"registry.terraform.io/hashicorp/aws\"]",
      "instances": [
        {
          "index_key": 0,
          "schema_version": 2,
          "attributes": {
            "cidr_blocks": [
              "125.235.133.125/32"
            ],
            "description": "SSH",
            "from_port": 22,
            "id": "sgrule-2216619880",
            "ipv6_cidr_blocks": [],
            "prefix_list_ids": [],
            "protocol": "tcp",
            "security_group_id": "sg-00ca4d6cee2bd9981",
            "security_group_rule_id": "sgr-02953ccca69d1298f",
            "self": false,
            "source_security_group_id": null,
            "timeouts": null,
            "to_port": 22,
            "type": "ingress"
          },
          "sensitive_attributes": [],
          "private": "eyJlMmJmYjczMC1lY2FhLTExZTYtOGY4OC0zNDM2M2JjN2M0YzAiOnsiY3JlYXRlIjozMDAwMDAwMDAwMDB9LCJzY2hlbWFfdmVyc2lvbiI6IjIifQ==",
          "dependencies": [
            "module.bastion-security-group.aws_security_group.this",
            "module.bastion-security-group.aws_security_group.this_name_prefix",
            "module.vpc.aws_vpc.this"
          ]
        }
      ]
    },
    {
      "module": "module.elk-ec2-instance",
      "mode": "data",
      "type": "aws_partition",
      "name": "current",
      "provider": "provider[\"registry.terraform.io/hashicorp/aws\"]",
      "instances": [
        {
          "schema_version": 0,
          "attributes": {
            "dns_suffix": "amazonaws.com",
            "id": "aws",
            "partition": "aws",
            "reverse_dns_prefix": "com.amazonaws"
          },
          "sensitive_attributes": []
        }
      ]
    },
    {
      "module": "module.elk-ec2-instance",
      "mode": "data",
      "type": "aws_ssm_parameter",
      "name": "this",
      "provider": "provider[\"registry.terraform.io/hashicorp/aws\"]",
      "instances": [
        {
          "index_key": 0,
          "schema_version": 0,
          "attributes": {
            "arn": "arn:aws:ssm:us-east-1::parameter/aws/service/ami-amazon-linux-latest/amzn2-ami-hvm-x86_64-gp2",
            "id": "/aws/service/ami-amazon-linux-latest/amzn2-ami-hvm-x86_64-gp2",
            "insecure_value": "ami-076c7acfc9e8ee57d",
            "name": "/aws/service/ami-amazon-linux-latest/amzn2-ami-hvm-x86_64-gp2",
            "type": "String",
            "value": "ami-076c7acfc9e8ee57d",
            "version": 101,
            "with_decryption": true
          },
          "sensitive_attributes": []
        }
      ]
    },
    {
      "module": "module.elk-ec2-instance",
      "mode": "managed",
      "type": "aws_instance",
      "name": "this",
      "provider": "provider[\"registry.terraform.io/hashicorp/aws\"]",
      "instances": [
        {
          "index_key": 0,
          "schema_version": 1,
          "attributes": {
            "ami": "ami-076c7acfc9e8ee57d",
            "arn": "arn:aws:ec2:us-east-1:571207880192:instance/i-0f9f05d3a7c270336",
            "associate_public_ip_address": true,
            "availability_zone": "us-east-1b",
            "capacity_reservation_specification": [
              {
                "capacity_reservation_preference": "open",
                "capacity_reservation_target": []
              }
            ],
            "cpu_core_count": 1,
            "cpu_options": [
              {
                "amd_sev_snp": "",
                "core_count": 1,
                "threads_per_core": 1
              }
            ],
            "cpu_threads_per_core": 1,
            "credit_specification": [
              {
                "cpu_credits": "standard"
              }
            ],
            "disable_api_stop": false,
            "disable_api_termination": false,
            "ebs_block_device": [],
            "ebs_optimized": false,
            "enclave_options": [
              {
                "enabled": false
              }
            ],
            "ephemeral_block_device": [],
            "get_password_data": false,
            "hibernation": false,
            "host_id": "",
            "host_resource_group_arn": null,
            "iam_instance_profile": "",
            "id": "i-0f9f05d3a7c270336",
            "instance_initiated_shutdown_behavior": "stop",
            "instance_lifecycle": "",
            "instance_market_options": [],
            "instance_state": "running",
            "instance_type": "t2.micro",
            "ipv6_address_count": 0,
            "ipv6_addresses": [],
            "key_name": "FPT-Private-Key",
            "launch_template": [],
            "maintenance_options": [
              {
                "auto_recovery": "default"
              }
            ],
            "metadata_options": [
              {
                "http_endpoint": "enabled",
                "http_protocol_ipv6": "disabled",
                "http_put_response_hop_limit": 1,
                "http_tokens": "optional",
                "instance_metadata_tags": "disabled"
              }
            ],
            "monitoring": true,
            "network_interface": [],
            "outpost_arn": "",
            "password_data": "",
            "placement_group": "",
            "placement_partition_number": 0,
            "primary_network_interface_id": "eni-0c2f26029a66e8444",
            "private_dns": "ip-172-168-68-113.ec2.internal",
            "private_dns_name_options": [
              {
                "enable_resource_name_dns_a_record": false,
                "enable_resource_name_dns_aaaa_record": false,
                "hostname_type": "ip-name"
              }
            ],
            "private_ip": "172.168.68.113",
            "public_dns": "ec2-54-198-116-229.compute-1.amazonaws.com",
            "public_ip": "54.198.116.229",
            "root_block_device": [
              {
                "delete_on_termination": true,
                "device_name": "/dev/xvda",
                "encrypted": false,
                "iops": 100,
                "kms_key_id": "",
                "tags": {},
                "throughput": 0,
                "volume_id": "vol-0149cd2b9ec5cf393",
                "volume_size": 8,
                "volume_type": "gp2"
              }
            ],
            "secondary_private_ips": [],
            "security_groups": [],
            "source_dest_check": true,
            "spot_instance_request_id": "",
            "subnet_id": "subnet-088afeb49bc4e5778",
            "tags": {
              "Name": "FPT-elk-ec2-instance"
            },
            "tags_all": {
              "Name": "FPT-elk-ec2-instance"
            },
            "tenancy": "default",
            "timeouts": {
              "create": null,
              "delete": null,
              "update": null
            },
            "user_data": null,
            "user_data_base64": null,
            "user_data_replace_on_change": false,
            "volume_tags": {
              "Name": "elk-ec2-instance"
            },
            "vpc_security_group_ids": [
              "sg-0f045b41b12f420d8"
            ]
          },
          "sensitive_attributes": [],
          "private": "eyJlMmJmYjczMC1lY2FhLTExZTYtOGY4OC0zNDM2M2JjN2M0YzAiOnsiY3JlYXRlIjo2MDAwMDAwMDAwMDAsImRlbGV0ZSI6MTIwMDAwMDAwMDAwMCwidXBkYXRlIjo2MDAwMDAwMDAwMDB9LCJzY2hlbWFfdmVyc2lvbiI6IjEifQ==",
          "dependencies": [
            "module.elk-ec2-instance.aws_iam_instance_profile.this",
            "module.elk-ec2-instance.aws_iam_role.this",
            "module.elk-ec2-instance.data.aws_iam_policy_document.assume_role_policy",
            "module.elk-ec2-instance.data.aws_partition.current",
            "module.elk-ec2-instance.data.aws_ssm_parameter.this",
            "module.elk-security-group.aws_security_group.this",
            "module.elk-security-group.aws_security_group.this_name_prefix",
            "module.key-pair.aws_key_pair.this",
            "module.key-pair.tls_private_key.this",
            "module.vpc.aws_subnet.public",
            "module.vpc.aws_vpc.this",
            "module.vpc.aws_vpc_ipv4_cidr_block_association.this"
          ]
        }
      ]
    },
    {
      "module": "module.elk-security-group",
      "mode": "managed",
      "type": "aws_security_group",
      "name": "this_name_prefix",
      "provider": "provider[\"registry.terraform.io/hashicorp/aws\"]",
      "instances": [
        {
          "index_key": 0,
          "schema_version": 1,
          "attributes": {
            "arn": "arn:aws:ec2:us-east-1:571207880192:security-group/sg-0f045b41b12f420d8",
            "description": "Security group that handles traffic for the ELK server",
            "egress": [],
            "id": "sg-0f045b41b12f420d8",
            "ingress": [],
            "name": "ELK-security-group-20231117171207625000000006",
            "name_prefix": "ELK-security-group-",
            "owner_id": "571207880192",
            "revoke_rules_on_delete": false,
            "tags": {
              "Name": "FPT-elk-sg"
            },
            "tags_all": {
              "Name": "FPT-elk-sg"
            },
            "timeouts": {
              "create": "10m",
              "delete": "15m"
            },
            "vpc_id": "vpc-092206a3ad9a60136"
          },
          "sensitive_attributes": [],
          "private": "eyJlMmJmYjczMC1lY2FhLTExZTYtOGY4OC0zNDM2M2JjN2M0YzAiOnsiY3JlYXRlIjo2MDAwMDAwMDAwMDAsImRlbGV0ZSI6OTAwMDAwMDAwMDAwfSwic2NoZW1hX3ZlcnNpb24iOiIxIn0=",
          "dependencies": [
            "module.vpc.aws_vpc.this"
          ],
          "create_before_destroy": true
        }
      ]
    },
    {
      "module": "module.elk-security-group",
      "mode": "managed",
      "type": "aws_security_group_rule",
      "name": "computed_ingress_with_source_security_group_id",
      "provider": "provider[\"registry.terraform.io/hashicorp/aws\"]",
      "instances": [
        {
          "index_key": 0,
          "schema_version": 2,
          "attributes": {
            "cidr_blocks": null,
            "description": "Ingress Rule",
            "from_port": 22,
            "id": "sgrule-2938752691",
            "ipv6_cidr_blocks": null,
            "prefix_list_ids": [],
            "protocol": "tcp",
            "security_group_id": "sg-0f045b41b12f420d8",
            "security_group_rule_id": "sgr-07c795877c0d630f2",
            "self": false,
            "source_security_group_id": "sg-00ca4d6cee2bd9981",
            "timeouts": null,
            "to_port": 22,
            "type": "ingress"
          },
          "sensitive_attributes": [],
          "private": "eyJlMmJmYjczMC1lY2FhLTExZTYtOGY4OC0zNDM2M2JjN2M0YzAiOnsiY3JlYXRlIjozMDAwMDAwMDAwMDB9LCJzY2hlbWFfdmVyc2lvbiI6IjIifQ==",
          "dependencies": [
            "module.bastion-security-group.aws_security_group.this",
            "module.bastion-security-group.aws_security_group.this_name_prefix",
            "module.elk-security-group.aws_security_group.this",
            "module.elk-security-group.aws_security_group.this_name_prefix",
            "module.vpc.aws_vpc.this"
          ]
        }
      ]
    },
    {
      "module": "module.elk-security-group",
      "mode": "managed",
      "type": "aws_security_group_rule",
      "name": "egress_rules",
      "provider": "provider[\"registry.terraform.io/hashicorp/aws\"]",
      "instances": [
        {
          "index_key": 0,
          "schema_version": 2,
          "attributes": {
            "cidr_blocks": [
              "0.0.0.0/0"
            ],
            "description": "All protocols",
            "from_port": -1,
            "id": "sgrule-3169485744",
            "ipv6_cidr_blocks": [
              "::/0"
            ],
            "prefix_list_ids": [],
            "protocol": "-1",
            "security_group_id": "sg-0f045b41b12f420d8",
            "security_group_rule_id": "",
            "self": false,
            "source_security_group_id": null,
            "timeouts": null,
            "to_port": -1,
            "type": "egress"
          },
          "sensitive_attributes": [],
          "private": "eyJlMmJmYjczMC1lY2FhLTExZTYtOGY4OC0zNDM2M2JjN2M0YzAiOnsiY3JlYXRlIjozMDAwMDAwMDAwMDB9LCJzY2hlbWFfdmVyc2lvbiI6IjIifQ==",
          "dependencies": [
            "module.elk-security-group.aws_security_group.this",
            "module.elk-security-group.aws_security_group.this_name_prefix",
            "module.vpc.aws_vpc.this"
          ]
        }
      ]
    },
    {
      "module": "module.elk-security-group",
      "mode": "managed",
      "type": "aws_security_group_rule",
      "name": "ingress_rules",
      "provider": "provider[\"registry.terraform.io/hashicorp/aws\"]",
      "instances": [
        {
          "index_key": 0,
          "schema_version": 2,
          "attributes": {
            "cidr_blocks": [
              "0.0.0.0/0"
            ],
            "description": "HTTP",
            "from_port": 80,
            "id": "sgrule-3910316333",
            "ipv6_cidr_blocks": [],
            "prefix_list_ids": [],
            "protocol": "tcp",
            "security_group_id": "sg-0f045b41b12f420d8",
            "security_group_rule_id": "sgr-0f71c9dc97fddcf01",
            "self": false,
            "source_security_group_id": null,
            "timeouts": null,
            "to_port": 80,
            "type": "ingress"
          },
          "sensitive_attributes": [],
          "private": "eyJlMmJmYjczMC1lY2FhLTExZTYtOGY4OC0zNDM2M2JjN2M0YzAiOnsiY3JlYXRlIjozMDAwMDAwMDAwMDB9LCJzY2hlbWFfdmVyc2lvbiI6IjIifQ==",
          "dependencies": [
            "module.elk-security-group.aws_security_group.this",
            "module.elk-security-group.aws_security_group.this_name_prefix",
            "module.vpc.aws_vpc.this"
          ]
        },
        {
          "index_key": 1,
          "schema_version": 2,
          "attributes": {
            "cidr_blocks": [
              "0.0.0.0/0"
            ],
            "description": "HTTPS",
            "from_port": 443,
            "id": "sgrule-980374037",
            "ipv6_cidr_blocks": [],
            "prefix_list_ids": [],
            "protocol": "tcp",
            "security_group_id": "sg-0f045b41b12f420d8",
            "security_group_rule_id": "sgr-0f5485c02ee4180d2",
            "self": false,
            "source_security_group_id": null,
            "timeouts": null,
            "to_port": 443,
            "type": "ingress"
          },
          "sensitive_attributes": [],
          "private": "eyJlMmJmYjczMC1lY2FhLTExZTYtOGY4OC0zNDM2M2JjN2M0YzAiOnsiY3JlYXRlIjozMDAwMDAwMDAwMDB9LCJzY2hlbWFfdmVyc2lvbiI6IjIifQ==",
          "dependencies": [
            "module.elk-security-group.aws_security_group.this",
            "module.elk-security-group.aws_security_group.this_name_prefix",
            "module.vpc.aws_vpc.this"
          ]
        },
        {
          "index_key": 2,
          "schema_version": 2,
          "attributes": {
            "cidr_blocks": [
              "0.0.0.0/0"
            ],
            "description": "Logstash",
            "from_port": 5044,
            "id": "sgrule-1828429798",
            "ipv6_cidr_blocks": [],
            "prefix_list_ids": [],
            "protocol": "tcp",
            "security_group_id": "sg-0f045b41b12f420d8",
            "security_group_rule_id": "sgr-01749b76534b27e59",
            "self": false,
            "source_security_group_id": null,
            "timeouts": null,
            "to_port": 5044,
            "type": "ingress"
          },
          "sensitive_attributes": [],
          "private": "eyJlMmJmYjczMC1lY2FhLTExZTYtOGY4OC0zNDM2M2JjN2M0YzAiOnsiY3JlYXRlIjozMDAwMDAwMDAwMDB9LCJzY2hlbWFfdmVyc2lvbiI6IjIifQ==",
          "dependencies": [
            "module.elk-security-group.aws_security_group.this",
            "module.elk-security-group.aws_security_group.this_name_prefix",
            "module.vpc.aws_vpc.this"
          ]
        },
        {
          "index_key": 3,
          "schema_version": 2,
          "attributes": {
            "cidr_blocks": [
              "0.0.0.0/0"
            ],
            "description": "Kibana Web Interface",
            "from_port": 5601,
            "id": "sgrule-2734798567",
            "ipv6_cidr_blocks": [],
            "prefix_list_ids": [],
            "protocol": "tcp",
            "security_group_id": "sg-0f045b41b12f420d8",
            "security_group_rule_id": "sgr-01a8fb961618881dd",
            "self": false,
            "source_security_group_id": null,
            "timeouts": null,
            "to_port": 5601,
            "type": "ingress"
          },
          "sensitive_attributes": [],
          "private": "eyJlMmJmYjczMC1lY2FhLTExZTYtOGY4OC0zNDM2M2JjN2M0YzAiOnsiY3JlYXRlIjozMDAwMDAwMDAwMDB9LCJzY2hlbWFfdmVyc2lvbiI6IjIifQ==",
          "dependencies": [
            "module.elk-security-group.aws_security_group.this",
            "module.elk-security-group.aws_security_group.this_name_prefix",
            "module.vpc.aws_vpc.this"
          ]
        },
        {
          "index_key": 4,
          "schema_version": 2,
          "attributes": {
            "cidr_blocks": [
              "0.0.0.0/0"
            ],
            "description": "Elasticsearch REST interface",
            "from_port": 9200,
            "id": "sgrule-1635101903",
            "ipv6_cidr_blocks": [],
            "prefix_list_ids": [],
            "protocol": "tcp",
            "security_group_id": "sg-0f045b41b12f420d8",
            "security_group_rule_id": "sgr-029987f715c164192",
            "self": false,
            "source_security_group_id": null,
            "timeouts": null,
            "to_port": 9200,
            "type": "ingress"
          },
          "sensitive_attributes": [],
          "private": "eyJlMmJmYjczMC1lY2FhLTExZTYtOGY4OC0zNDM2M2JjN2M0YzAiOnsiY3JlYXRlIjozMDAwMDAwMDAwMDB9LCJzY2hlbWFfdmVyc2lvbiI6IjIifQ==",
          "dependencies": [
            "module.elk-security-group.aws_security_group.this",
            "module.elk-security-group.aws_security_group.this_name_prefix",
            "module.vpc.aws_vpc.this"
          ]
        },
        {
          "index_key": 5,
          "schema_version": 2,
          "attributes": {
            "cidr_blocks": [
              "0.0.0.0/0"
            ],
            "description": "Elasticsearch Java interface",
            "from_port": 9300,
            "id": "sgrule-2291131017",
            "ipv6_cidr_blocks": [],
            "prefix_list_ids": [],
            "protocol": "tcp",
            "security_group_id": "sg-0f045b41b12f420d8",
            "security_group_rule_id": "sgr-0aab0f1f4183dd759",
            "self": false,
            "source_security_group_id": null,
            "timeouts": null,
            "to_port": 9300,
            "type": "ingress"
          },
          "sensitive_attributes": [],
          "private": "eyJlMmJmYjczMC1lY2FhLTExZTYtOGY4OC0zNDM2M2JjN2M0YzAiOnsiY3JlYXRlIjozMDAwMDAwMDAwMDB9LCJzY2hlbWFfdmVyc2lvbiI6IjIifQ==",
          "dependencies": [
            "module.elk-security-group.aws_security_group.this",
            "module.elk-security-group.aws_security_group.this_name_prefix",
            "module.vpc.aws_vpc.this"
          ]
        }
      ]
    },
    {
      "module": "module.key-pair",
      "mode": "managed",
      "type": "aws_key_pair",
      "name": "this",
      "provider": "provider[\"registry.terraform.io/hashicorp/aws\"]",
      "instances": [
        {
          "index_key": 0,
          "schema_version": 1,
          "attributes": {
            "arn": "arn:aws:ec2:us-east-1:571207880192:key-pair/FPT-Private-Key",
            "fingerprint": "72:b6:c5:85:df:10:09:df:50:6d:b2:60:89:ce:6f:16",
            "id": "FPT-Private-Key",
            "key_name": "FPT-Private-Key",
            "key_name_prefix": "",
            "key_pair_id": "key-0cc497e2aceac6784",
            "key_type": "rsa",
            "public_key": "ssh-rsa AAAAB3NzaC1yc2EAAAADAQABAAACAQC+Q8clrrvpzoIG4XLsdDJOMmZNv3+X+cM0nARNiPtBNC2OFcVIu7f4OfZNR5LkfnwGISN1MhjQXzclk1SbkGnMWZk8RJVB3BOFYuGQJ2962HJq6lmAmKgHWuTT3vH0Wx09qJAboXI+UcHyMKTTHLNSX1MbgSXnQvDr2Jc4lGBkqOlreMqpxV4cm192XJDe6nETSAtkpDLWdqrrDwcIPlE2jpVJylnSrVfh87qjxmHp4EE8A2EsZtw7XcP3uvh1r5NWb3v3XaKlHBr27MarvuBN2JpLvwaShc1FtL0yhTcoZxYXWWTlH0RVPdHsk7NMXg1rRUPDh7wbE4j4tmhWLtWnVFtJgRM+3a7J5RDTV3wlX0iWc6cBNMLLIw9blnRkTODWItna6HqJAXpB8ShtqSCJOlaEe+XqshxepoOKupgh+8rr2/7odNTAuAJfHI4ruztJXKxuSkMS8t5Ig6RX6zHfXzqCRkNpWC2eVadSRiwSoQedRzwj4vQ5DZzxSgJcZEtfz+k89txORs/9NEFHIFitmsTTt/Hm7iLzZlqg1t61JfF5rvDoUpKii4SrjSKfwYnvE7R/QTMjnhzglAoghfPJeiUj/q6c24BH48NC+4iCrOCyvAbLTZblej7UyB3DI4tyDTo6B0nKGpeZIfFlop019LjKRjjuKT0Ra6RtKe1fUw==",
            "tags": null,
            "tags_all": {}
          },
          "sensitive_attributes": [],
          "private": "eyJzY2hlbWFfdmVyc2lvbiI6IjEifQ==",
          "dependencies": [
            "module.key-pair.tls_private_key.this"
          ]
        }
      ]
    },
    {
      "module": "module.key-pair",
      "mode": "managed",
      "type": "tls_private_key",
      "name": "this",
      "provider": "provider[\"registry.terraform.io/hashicorp/tls\"]",
      "instances": [
        {
          "index_key": 0,
          "schema_version": 1,
          "attributes": {
            "algorithm": "RSA",
            "ecdsa_curve": "P224",
            "id": "188e800e9dd43a3591e2da3890bc6d8626a70a53",
            "private_key_openssh": "-----BEGIN OPENSSH PRIVATE KEY-----\nb3BlbnNzaC1rZXktdjEAAAAABG5vbmUAAAAEbm9uZQAAAAAAAAABAAACFwAAAAdz\nc2gtcnNhAAAAAwEAAQAAAgEAvkPHJa676c6CBuFy7HQyTjJmTb9/l/nDNJwETYj7\nQTQtjhXFSLu3+Dn2TUeS5H58BiEjdTIY0F83JZNUm5BpzFmZPESVQdwThWLhkCdv\nethyaupZgJioB1rk097x9FsdPaiQG6FyPlHB8jCk0xyzUl9TG4El50Lw69iXOJRg\nZKjpa3jKqcVeHJtfdlyQ3upxE0gLZKQy1naq6w8HCD5RNo6VScpZ0q1X4fO6o8Zh\n6eBBPANhLGbcO13D97r4da+TVm97912ipRwa9uzGq77gTdiaS78GkoXNRbS9MoU3\nKGcWF1lk5R9EVT3R7JOzTF4Na0VDw4e8GxOI+LZoVi7Vp1RbSYETPt2uyeUQ01d8\nJV9IlnOnATTCyyMPW5Z0ZEzg1iLZ2uh6iQF6QfEobakgiTpWhHvl6rIcXqaDirqY\nIfvK69v+6HTUwLgCXxyOK7s7SVysbkpDEvLeSIOkV+sx3186gkZDaVgtnlWnUkYs\nEqEHnUc8I+L0OQ2c8UoCXGRLX8/pPPbcTkbP/TRBRyBYrZrE07fx5u4i82ZaoNbe\ntSXxea7w6FKSoouEq40in8GJ7xO0f0EzI54c4JQKIIXzyXolI/6unNuAR+PDQvuI\ngqzgsrwGy02W5Xo+1MgdwyOLcg06OgdJyhqXmSHxZaKdNfS4ykY47ik9EWukbSnt\nX1MAAAc4mXVNO5l1TTsAAAAHc3NoLXJzYQAAAgEAvkPHJa676c6CBuFy7HQyTjJm\nTb9/l/nDNJwETYj7QTQtjhXFSLu3+Dn2TUeS5H58BiEjdTIY0F83JZNUm5BpzFmZ\nPESVQdwThWLhkCdvethyaupZgJioB1rk097x9FsdPaiQG6FyPlHB8jCk0xyzUl9T\nG4El50Lw69iXOJRgZKjpa3jKqcVeHJtfdlyQ3upxE0gLZKQy1naq6w8HCD5RNo6V\nScpZ0q1X4fO6o8Zh6eBBPANhLGbcO13D97r4da+TVm97912ipRwa9uzGq77gTdia\nS78GkoXNRbS9MoU3KGcWF1lk5R9EVT3R7JOzTF4Na0VDw4e8GxOI+LZoVi7Vp1Rb\nSYETPt2uyeUQ01d8JV9IlnOnATTCyyMPW5Z0ZEzg1iLZ2uh6iQF6QfEobakgiTpW\nhHvl6rIcXqaDirqYIfvK69v+6HTUwLgCXxyOK7s7SVysbkpDEvLeSIOkV+sx3186\ngkZDaVgtnlWnUkYsEqEHnUc8I+L0OQ2c8UoCXGRLX8/pPPbcTkbP/TRBRyBYrZrE\n07fx5u4i82ZaoNbetSXxea7w6FKSoouEq40in8GJ7xO0f0EzI54c4JQKIIXzyXol\nI/6unNuAR+PDQvuIgqzgsrwGy02W5Xo+1MgdwyOLcg06OgdJyhqXmSHxZaKdNfS4\nykY47ik9EWukbSntX1MAAAADAQABAAACADQli21uiJ46NTUBkWfxKOB5u8RPWf8j\nOzcuE5fUlVh3noy0ts+Kc4+bA0CG/2GUsRVU+8zhIB/sGMc5rBS+7eBOJkt4WJgm\nY0tJoJzL0igPLrzS4hj2vgbWCKVxE0tvtYHysxx/kTo3Wjqwzlv2H8fRzItbSDIs\nDK/3OusM76ZnDSKhhpolN/gLNYzRLfuKsdchBc5dmnlhKNMn2TuPKN8VESGaTigJ\nzm5lSKAefTOGfRqfqoBq6K10s4MwQWyv5GfqQkW36h3qqBFJL+JefEeZuCBOiNSb\ny3jxYnF4RXfTWSCpJZgOi8H5IZH/oUKq/G6MG1h52Tpqjj3scIg+advrq2IlDFt4\nxrK5Xq+8LjwzjY+0uQel/MBvs7G8ikFGRTMEDBGpdWhrnO3d4oU98wMY3BVxYlQW\nfCeMr5s7grud7xW0xcFkKk62lQenhkVmrZNZTKVvrBQGWqQz8KWRdRTPrd9FDbqY\n7p2BBtHt++Wg3rUGpF8UqUIrMpIUHLCw+BqL6vFI7reTloGMyEnsAW2+w32X1rWL\nAnYfA3QnwSg2opo0XXTTnYEStLwqsfvGVDcEEOIiJZkmIYnZJolQ9PYF7JjLorLF\no3Is2lPcxSy0aoag0ktU+ns3PKHlEAdnz/SzWT5PG30CsNprJSPtY/OF99sF+TRR\ncI+imIwc6b+xAAABACHeZVpwTGXxLnVMSx5Q0Uep25qzEFagJBlrTnlzzl2ZdTcg\niBMR3l37ajYJvr1ktYIl1QKL3GuR/LFmWENFGHiUFaPM0r6cWdCb7RO6JGpBnnfA\n4yq8NLG9p8cUaEyTP4Vv+rPm8ihvEvwAWcc17KT3QRjyojcegJ+MWKYtyvY9dgtz\nSBUeXPtbGrL/kUIWEcHzEbegBCP9OFHwKW43O5XvSjLK8o0CSIvVlim1zUAUbMD3\nHbJassw86rVJkdj5XI7AKkd3L1sAssE3Js9fy/SsiH+7CVsdG57+0Iq3GQ3UOMUX\nlLVsQtrgqYlzH/PongkpvEfOEf7szTIeppW0V/wAAAEBAN/yaS+3QFZfYKTYCvTQ\nTcWbDxLQikHLuJXWsPNXu8M86fB6GbdYog3TF0Gj6zOJ/zbuNSkMTalZru/EGHLd\nJuRgHWVhseDj8tVntV835246O/9m39mak5eoxE5p9tQVigHhd74cNLBhVMv6TxNS\nu644zEiCLDljP+QkSIcGZz5IGoQBSTpsl2rh/CSxCdn/KU/hSSnf3jTJWhxLkMRR\nmezUGkkqkm5oUftGG4PAZ5N6vgRN6C/BxoLr3cvZpn39VhYBwmdFECJXNF0bYZxt\nSalPh+bM84zgUYsNoVPM1Yd0BQ9EWnIKp+CVQafqddlNZHf/MUbMZOVnD7CTs2C4\nGUcAAAEBANl/Ofy4045R5e3aExy4qfBdILqlNBAQCVaTfYLQ+zGN5hQ6rJ5KNZwn\nMDt/j+9xEbJ3TImq7izfVUG4Svwi+mXaF/qR1meI5HK6KEOCYPaB1fBbCdUAWmEv\nfnhfcTjvuEsYWcLxpoWh1nD1LC1DuXMS6lhL6kAfdMBki5d5pstMu+dn8v8qaYzb\nUUEioQlqglKudeYPVb9dScwhqN5XLRHoxQf/10IrN4/ZGi2cZAP8lmPcgsljEH1a\nADTt04OrNoy4Tr8gX14dFBeCVF877MxkoNKluwfObvfGNP96DbyYi1v/e/ucDpzk\nxEAVX4uhKFA89hiltlmhJNT5MwYYj5UAAAAAAQID\n-----END OPENSSH PRIVATE KEY-----\n",
            "private_key_pem": "-----BEGIN RSA PRIVATE KEY-----\nMIIJKAIBAAKCAgEAvkPHJa676c6CBuFy7HQyTjJmTb9/l/nDNJwETYj7QTQtjhXF\nSLu3+Dn2TUeS5H58BiEjdTIY0F83JZNUm5BpzFmZPESVQdwThWLhkCdvethyaupZ\ngJioB1rk097x9FsdPaiQG6FyPlHB8jCk0xyzUl9TG4El50Lw69iXOJRgZKjpa3jK\nqcVeHJtfdlyQ3upxE0gLZKQy1naq6w8HCD5RNo6VScpZ0q1X4fO6o8Zh6eBBPANh\nLGbcO13D97r4da+TVm97912ipRwa9uzGq77gTdiaS78GkoXNRbS9MoU3KGcWF1lk\n5R9EVT3R7JOzTF4Na0VDw4e8GxOI+LZoVi7Vp1RbSYETPt2uyeUQ01d8JV9IlnOn\nATTCyyMPW5Z0ZEzg1iLZ2uh6iQF6QfEobakgiTpWhHvl6rIcXqaDirqYIfvK69v+\n6HTUwLgCXxyOK7s7SVysbkpDEvLeSIOkV+sx3186gkZDaVgtnlWnUkYsEqEHnUc8\nI+L0OQ2c8UoCXGRLX8/pPPbcTkbP/TRBRyBYrZrE07fx5u4i82ZaoNbetSXxea7w\n6FKSoouEq40in8GJ7xO0f0EzI54c4JQKIIXzyXolI/6unNuAR+PDQvuIgqzgsrwG\ny02W5Xo+1MgdwyOLcg06OgdJyhqXmSHxZaKdNfS4ykY47ik9EWukbSntX1MCAwEA\nAQKCAgA0JYttboieOjU1AZFn8SjgebvET1n/Izs3LhOX1JVYd56MtLbPinOPmwNA\nhv9hlLEVVPvM4SAf7BjHOawUvu3gTiZLeFiYJmNLSaCcy9IoDy680uIY9r4G1gil\ncRNLb7WB8rMcf5E6N1o6sM5b9h/H0cyLW0gyLAyv9zrrDO+mZw0ioYaaJTf4CzWM\n0S37irHXIQXOXZp5YSjTJ9k7jyjfFREhmk4oCc5uZUigHn0zhn0an6qAauitdLOD\nMEFsr+Rn6kJFt+od6qgRSS/iXnxHmbggTojUm8t48WJxeEV301kgqSWYDovB+SGR\n/6FCqvxujBtYedk6ao497HCIPmnb66tiJQxbeMayuV6vvC48M42PtLkHpfzAb7Ox\nvIpBRkUzBAwRqXVoa5zt3eKFPfMDGNwVcWJUFnwnjK+bO4K7ne8VtMXBZCpOtpUH\np4ZFZq2TWUylb6wUBlqkM/ClkXUUz63fRQ26mO6dgQbR7fvloN61BqRfFKlCKzKS\nFBywsPgai+rxSO63k5aBjMhJ7AFtvsN9l9a1iwJ2HwN0J8EoNqKaNF10052BErS8\nKrH7xlQ3BBDiIiWZJiGJ2SaJUPT2BeyYy6KyxaNyLNpT3MUstGqGoNJLVPp7Nzyh\n5RAHZ8/0s1k+Txt9ArDaayUj7WPzhffbBfk0UXCPopiMHOm/sQKCAQEA3/JpL7dA\nVl9gpNgK9NBNxZsPEtCKQcu4ldaw81e7wzzp8HoZt1iiDdMXQaPrM4n/Nu41KQxN\nqVmu78QYct0m5GAdZWGx4OPy1We1Xzfnbjo7/2bf2ZqTl6jETmn21BWKAeF3vhw0\nsGFUy/pPE1K7rjjMSIIsOWM/5CRIhwZnPkgahAFJOmyXauH8JLEJ2f8pT+FJKd/e\nNMlaHEuQxFGZ7NQaSSqSbmhR+0Ybg8Bnk3q+BE3oL8HGguvdy9mmff1WFgHCZ0UQ\nIlc0XRthnG1JqU+H5szzjOBRiw2hU8zVh3QFD0Racgqn4JVBp+p12U1kd/8xRsxk\n5WcPsJOzYLgZRwKCAQEA2X85/LjTjlHl7doTHLip8F0guqU0EBAJVpN9gtD7MY3m\nFDqsnko1nCcwO3+P73ERsndMiaruLN9VQbhK/CL6ZdoX+pHWZ4jkcrooQ4Jg9oHV\n8FsJ1QBaYS9+eF9xOO+4SxhZwvGmhaHWcPUsLUO5cxLqWEvqQB90wGSLl3mmy0y7\n52fy/yppjNtRQSKhCWqCUq515g9Vv11JzCGo3lctEejFB//XQis3j9kaLZxkA/yW\nY9yCyWMQfVoANO3Tg6s2jLhOvyBfXh0UF4JUXzvszGSg0qW7B85u98Y0/3oNvJiL\nW/97+5wOnOTEQBVfi6EoUDz2GKW2WaEk1PkzBhiPlQKCAQAp70qjFL2HbvS56Xqj\nvR3TEuYPr90z1OILrNgVuSf/tzhXP4XxPzeZPx3rvLYeQIj50EFEHnmsbI7FdwLc\n/2x490aJ5XFZm1WtgG4GFoHPsjfp62mfZcKdc4zO4ijGLgJZt86kWsPDA3bNe2Gz\nTJq4VQpryXReiqc8IU8zeY97qiTM8zCzMAJqkUaV2FDv8UfbHWSF4tXJLKsjAUNq\nf51DK7SAXuhspDw1wTsFwNGkXCeYxr3js3VorqIpuefjT7z/AfVVQSl0RMAZbzco\nA473lVztaxNwHdEnKLY86u5RHviTk0kcccJd25UfzFelCUj272Jaz4tVKadWeVHt\nmouhAoIBAQC56OFVH1teNK0YYaaij0pbdg8q21mkPUDuKwZG0oFUu1kmg3zXlNE8\nV9cHlKMg5YJeDVFz/5K08nW6xl/6I5/rfb+vZAdj2oSDeJJAGmrtas/HMto1oqae\nme090T9Djsz2C6t2Uf6oDUzyou8PBeu37Dw6GzHxe7HdXlRftxGWh1G6nIT+DW/J\nghJzXblPBia9q/iFHSiLeZ9CCKeC3ftdap04mDyUh8JniAizYhGvwrF+TJfSsoX+\nz/aLR5rb2na3VDejcXVzSeHJspKSEPP5Ri6dwCIdqxv5WQgmNFsXkUDV840z5hIr\nk/QYXuyburZt1534NXWoKXEFRrmRhV79AoIBACHeZVpwTGXxLnVMSx5Q0Uep25qz\nEFagJBlrTnlzzl2ZdTcgiBMR3l37ajYJvr1ktYIl1QKL3GuR/LFmWENFGHiUFaPM\n0r6cWdCb7RO6JGpBnnfA4yq8NLG9p8cUaEyTP4Vv+rPm8ihvEvwAWcc17KT3QRjy\nojcegJ+MWKYtyvY9dgtzSBUeXPtbGrL/kUIWEcHzEbegBCP9OFHwKW43O5XvSjLK\n8o0CSIvVlim1zUAUbMD3HbJassw86rVJkdj5XI7AKkd3L1sAssE3Js9fy/SsiH+7\nCVsdG57+0Iq3GQ3UOMUXlLVsQtrgqYlzH/PongkpvEfOEf7szTIeppW0V/w=\n-----END RSA PRIVATE KEY-----\n",
            "private_key_pem_pkcs8": "-----BEGIN PRIVATE KEY-----\nMIIJQgIBADANBgkqhkiG9w0BAQEFAASCCSwwggkoAgEAAoICAQC+Q8clrrvpzoIG\n4XLsdDJOMmZNv3+X+cM0nARNiPtBNC2OFcVIu7f4OfZNR5LkfnwGISN1MhjQXzcl\nk1SbkGnMWZk8RJVB3BOFYuGQJ2962HJq6lmAmKgHWuTT3vH0Wx09qJAboXI+UcHy\nMKTTHLNSX1MbgSXnQvDr2Jc4lGBkqOlreMqpxV4cm192XJDe6nETSAtkpDLWdqrr\nDwcIPlE2jpVJylnSrVfh87qjxmHp4EE8A2EsZtw7XcP3uvh1r5NWb3v3XaKlHBr2\n7MarvuBN2JpLvwaShc1FtL0yhTcoZxYXWWTlH0RVPdHsk7NMXg1rRUPDh7wbE4j4\ntmhWLtWnVFtJgRM+3a7J5RDTV3wlX0iWc6cBNMLLIw9blnRkTODWItna6HqJAXpB\n8ShtqSCJOlaEe+XqshxepoOKupgh+8rr2/7odNTAuAJfHI4ruztJXKxuSkMS8t5I\ng6RX6zHfXzqCRkNpWC2eVadSRiwSoQedRzwj4vQ5DZzxSgJcZEtfz+k89txORs/9\nNEFHIFitmsTTt/Hm7iLzZlqg1t61JfF5rvDoUpKii4SrjSKfwYnvE7R/QTMjnhzg\nlAoghfPJeiUj/q6c24BH48NC+4iCrOCyvAbLTZblej7UyB3DI4tyDTo6B0nKGpeZ\nIfFlop019LjKRjjuKT0Ra6RtKe1fUwIDAQABAoICADQli21uiJ46NTUBkWfxKOB5\nu8RPWf8jOzcuE5fUlVh3noy0ts+Kc4+bA0CG/2GUsRVU+8zhIB/sGMc5rBS+7eBO\nJkt4WJgmY0tJoJzL0igPLrzS4hj2vgbWCKVxE0tvtYHysxx/kTo3Wjqwzlv2H8fR\nzItbSDIsDK/3OusM76ZnDSKhhpolN/gLNYzRLfuKsdchBc5dmnlhKNMn2TuPKN8V\nESGaTigJzm5lSKAefTOGfRqfqoBq6K10s4MwQWyv5GfqQkW36h3qqBFJL+JefEeZ\nuCBOiNSby3jxYnF4RXfTWSCpJZgOi8H5IZH/oUKq/G6MG1h52Tpqjj3scIg+advr\nq2IlDFt4xrK5Xq+8LjwzjY+0uQel/MBvs7G8ikFGRTMEDBGpdWhrnO3d4oU98wMY\n3BVxYlQWfCeMr5s7grud7xW0xcFkKk62lQenhkVmrZNZTKVvrBQGWqQz8KWRdRTP\nrd9FDbqY7p2BBtHt++Wg3rUGpF8UqUIrMpIUHLCw+BqL6vFI7reTloGMyEnsAW2+\nw32X1rWLAnYfA3QnwSg2opo0XXTTnYEStLwqsfvGVDcEEOIiJZkmIYnZJolQ9PYF\n7JjLorLFo3Is2lPcxSy0aoag0ktU+ns3PKHlEAdnz/SzWT5PG30CsNprJSPtY/OF\n99sF+TRRcI+imIwc6b+xAoIBAQDf8mkvt0BWX2Ck2Ar00E3Fmw8S0IpBy7iV1rDz\nV7vDPOnwehm3WKIN0xdBo+szif827jUpDE2pWa7vxBhy3SbkYB1lYbHg4/LVZ7Vf\nN+duOjv/Zt/ZmpOXqMROafbUFYoB4Xe+HDSwYVTL+k8TUruuOMxIgiw5Yz/kJEiH\nBmc+SBqEAUk6bJdq4fwksQnZ/ylP4Ukp3940yVocS5DEUZns1BpJKpJuaFH7RhuD\nwGeTer4ETegvwcaC693L2aZ9/VYWAcJnRRAiVzRdG2GcbUmpT4fmzPOM4FGLDaFT\nzNWHdAUPRFpyCqfglUGn6nXZTWR3/zFGzGTlZw+wk7NguBlHAoIBAQDZfzn8uNOO\nUeXt2hMcuKnwXSC6pTQQEAlWk32C0PsxjeYUOqyeSjWcJzA7f4/vcRGyd0yJqu4s\n31VBuEr8Ivpl2hf6kdZniORyuihDgmD2gdXwWwnVAFphL354X3E477hLGFnC8aaF\nodZw9SwtQ7lzEupYS+pAH3TAZIuXeabLTLvnZ/L/KmmM21FBIqEJaoJSrnXmD1W/\nXUnMIajeVy0R6MUH/9dCKzeP2RotnGQD/JZj3ILJYxB9WgA07dODqzaMuE6/IF9e\nHRQXglRfO+zMZKDSpbsHzm73xjT/eg28mItb/3v7nA6c5MRAFV+LoShQPPYYpbZZ\noSTU+TMGGI+VAoIBACnvSqMUvYdu9LnpeqO9HdMS5g+v3TPU4gus2BW5J/+3OFc/\nhfE/N5k/Heu8th5AiPnQQUQeeaxsjsV3Atz/bHj3RonlcVmbVa2AbgYWgc+yN+nr\naZ9lwp1zjM7iKMYuAlm3zqRaw8MDds17YbNMmrhVCmvJdF6KpzwhTzN5j3uqJMzz\nMLMwAmqRRpXYUO/xR9sdZIXi1cksqyMBQ2p/nUMrtIBe6GykPDXBOwXA0aRcJ5jG\nveOzdWiuoim55+NPvP8B9VVBKXREwBlvNygDjveVXO1rE3Ad0Scotjzq7lEe+JOT\nSRxxwl3blR/MV6UJSPbvYlrPi1Upp1Z5Ue2ai6ECggEBALno4VUfW140rRhhpqKP\nSlt2DyrbWaQ9QO4rBkbSgVS7WSaDfNeU0TxX1weUoyDlgl4NUXP/krTydbrGX/oj\nn+t9v69kB2PahIN4kkAaau1qz8cy2jWipp6Z7T3RP0OOzPYLq3ZR/qgNTPKi7w8F\n67fsPDobMfF7sd1eVF+3EZaHUbqchP4Nb8mCEnNduU8GJr2r+IUdKIt5n0IIp4Ld\n+11qnTiYPJSHwmeICLNiEa/CsX5Ml9Kyhf7P9otHmtvadrdUN6NxdXNJ4cmykpIQ\n8/lGLp3AIh2rG/lZCCY0WxeRQNXzjTPmEiuT9Bhe7Ju6tm3Xnfg1dagpcQVGuZGF\nXv0CggEAId5lWnBMZfEudUxLHlDRR6nbmrMQVqAkGWtOeXPOXZl1NyCIExHeXftq\nNgm+vWS1giXVAovca5H8sWZYQ0UYeJQVo8zSvpxZ0JvtE7okakGed8DjKrw0sb2n\nxxRoTJM/hW/6s+byKG8S/ABZxzXspPdBGPKiNx6An4xYpi3K9j12C3NIFR5c+1sa\nsv+RQhYRwfMRt6AEI/04UfApbjc7le9KMsryjQJIi9WWKbXNQBRswPcdslqyzDzq\ntUmR2PlcjsAqR3cvWwCywTcmz1/L9KyIf7sJWx0bnv7QircZDdQ4xReUtWxC2uCp\niXMf8+ieCSm8R84R/uzNMh6mlbRX/A==\n-----END PRIVATE KEY-----\n",
            "public_key_fingerprint_md5": "3a:91:5c:0b:e6:44:36:ed:97:6b:a8:97:48:25:70:c4",
            "public_key_fingerprint_sha256": "SHA256:r7n1wGfmdWog9mkA/KgieAnZ3C5X9ZhIj0zb+TY90RI",
            "public_key_openssh": "ssh-rsa AAAAB3NzaC1yc2EAAAADAQABAAACAQC+Q8clrrvpzoIG4XLsdDJOMmZNv3+X+cM0nARNiPtBNC2OFcVIu7f4OfZNR5LkfnwGISN1MhjQXzclk1SbkGnMWZk8RJVB3BOFYuGQJ2962HJq6lmAmKgHWuTT3vH0Wx09qJAboXI+UcHyMKTTHLNSX1MbgSXnQvDr2Jc4lGBkqOlreMqpxV4cm192XJDe6nETSAtkpDLWdqrrDwcIPlE2jpVJylnSrVfh87qjxmHp4EE8A2EsZtw7XcP3uvh1r5NWb3v3XaKlHBr27MarvuBN2JpLvwaShc1FtL0yhTcoZxYXWWTlH0RVPdHsk7NMXg1rRUPDh7wbE4j4tmhWLtWnVFtJgRM+3a7J5RDTV3wlX0iWc6cBNMLLIw9blnRkTODWItna6HqJAXpB8ShtqSCJOlaEe+XqshxepoOKupgh+8rr2/7odNTAuAJfHI4ruztJXKxuSkMS8t5Ig6RX6zHfXzqCRkNpWC2eVadSRiwSoQedRzwj4vQ5DZzxSgJcZEtfz+k89txORs/9NEFHIFitmsTTt/Hm7iLzZlqg1t61JfF5rvDoUpKii4SrjSKfwYnvE7R/QTMjnhzglAoghfPJeiUj/q6c24BH48NC+4iCrOCyvAbLTZblej7UyB3DI4tyDTo6B0nKGpeZIfFlop019LjKRjjuKT0Ra6RtKe1fUw==\n",
            "public_key_pem": "-----BEGIN PUBLIC KEY-----\nMIICIjANBgkqhkiG9w0BAQEFAAOCAg8AMIICCgKCAgEAvkPHJa676c6CBuFy7HQy\nTjJmTb9/l/nDNJwETYj7QTQtjhXFSLu3+Dn2TUeS5H58BiEjdTIY0F83JZNUm5Bp\nzFmZPESVQdwThWLhkCdvethyaupZgJioB1rk097x9FsdPaiQG6FyPlHB8jCk0xyz\nUl9TG4El50Lw69iXOJRgZKjpa3jKqcVeHJtfdlyQ3upxE0gLZKQy1naq6w8HCD5R\nNo6VScpZ0q1X4fO6o8Zh6eBBPANhLGbcO13D97r4da+TVm97912ipRwa9uzGq77g\nTdiaS78GkoXNRbS9MoU3KGcWF1lk5R9EVT3R7JOzTF4Na0VDw4e8GxOI+LZoVi7V\np1RbSYETPt2uyeUQ01d8JV9IlnOnATTCyyMPW5Z0ZEzg1iLZ2uh6iQF6QfEobakg\niTpWhHvl6rIcXqaDirqYIfvK69v+6HTUwLgCXxyOK7s7SVysbkpDEvLeSIOkV+sx\n3186gkZDaVgtnlWnUkYsEqEHnUc8I+L0OQ2c8UoCXGRLX8/pPPbcTkbP/TRBRyBY\nrZrE07fx5u4i82ZaoNbetSXxea7w6FKSoouEq40in8GJ7xO0f0EzI54c4JQKIIXz\nyXolI/6unNuAR+PDQvuIgqzgsrwGy02W5Xo+1MgdwyOLcg06OgdJyhqXmSHxZaKd\nNfS4ykY47ik9EWukbSntX1MCAwEAAQ==\n-----END PUBLIC KEY-----\n",
            "rsa_bits": 4096
          },
          "sensitive_attributes": []
        }
      ]
    },
    {
      "module": "module.prometheus-ec2-instance",
      "mode": "data",
      "type": "aws_partition",
      "name": "current",
      "provider": "provider[\"registry.terraform.io/hashicorp/aws\"]",
      "instances": [
        {
          "schema_version": 0,
          "attributes": {
            "dns_suffix": "amazonaws.com",
            "id": "aws",
            "partition": "aws",
            "reverse_dns_prefix": "com.amazonaws"
          },
          "sensitive_attributes": []
        }
      ]
    },
    {
      "module": "module.prometheus-ec2-instance",
      "mode": "data",
      "type": "aws_ssm_parameter",
      "name": "this",
      "provider": "provider[\"registry.terraform.io/hashicorp/aws\"]",
      "instances": [
        {
          "index_key": 0,
          "schema_version": 0,
          "attributes": {
            "arn": "arn:aws:ssm:us-east-1::parameter/aws/service/ami-amazon-linux-latest/amzn2-ami-hvm-x86_64-gp2",
            "id": "/aws/service/ami-amazon-linux-latest/amzn2-ami-hvm-x86_64-gp2",
            "insecure_value": "ami-076c7acfc9e8ee57d",
            "name": "/aws/service/ami-amazon-linux-latest/amzn2-ami-hvm-x86_64-gp2",
            "type": "String",
            "value": "ami-076c7acfc9e8ee57d",
            "version": 101,
            "with_decryption": true
          },
          "sensitive_attributes": []
        }
      ]
    },
    {
      "module": "module.prometheus-ec2-instance",
      "mode": "managed",
      "type": "aws_instance",
      "name": "this",
      "provider": "provider[\"registry.terraform.io/hashicorp/aws\"]",
      "instances": [
        {
          "index_key": 0,
          "schema_version": 1,
          "attributes": {
            "ami": "ami-076c7acfc9e8ee57d",
            "arn": "arn:aws:ec2:us-east-1:571207880192:instance/i-0ad1f094074a7df6a",
            "associate_public_ip_address": true,
            "availability_zone": "us-east-1c",
            "capacity_reservation_specification": [
              {
                "capacity_reservation_preference": "open",
                "capacity_reservation_target": []
              }
            ],
            "cpu_core_count": 1,
            "cpu_options": [
              {
                "amd_sev_snp": "",
                "core_count": 1,
                "threads_per_core": 1
              }
            ],
            "cpu_threads_per_core": 1,
            "credit_specification": [
              {
                "cpu_credits": "standard"
              }
            ],
            "disable_api_stop": false,
            "disable_api_termination": false,
            "ebs_block_device": [],
            "ebs_optimized": false,
            "enclave_options": [
              {
                "enabled": false
              }
            ],
            "ephemeral_block_device": [],
            "get_password_data": false,
            "hibernation": false,
            "host_id": "",
            "host_resource_group_arn": null,
            "iam_instance_profile": "",
            "id": "i-0ad1f094074a7df6a",
            "instance_initiated_shutdown_behavior": "stop",
            "instance_lifecycle": "",
            "instance_market_options": [],
            "instance_state": "running",
            "instance_type": "t2.micro",
            "ipv6_address_count": 0,
            "ipv6_addresses": [],
            "key_name": "FPT-Private-Key",
            "launch_template": [],
            "maintenance_options": [
              {
                "auto_recovery": "default"
              }
            ],
            "metadata_options": [
              {
                "http_endpoint": "enabled",
                "http_protocol_ipv6": "disabled",
                "http_put_response_hop_limit": 1,
                "http_tokens": "optional",
                "instance_metadata_tags": "disabled"
              }
            ],
            "monitoring": true,
            "network_interface": [],
            "outpost_arn": "",
            "password_data": "",
            "placement_group": "",
            "placement_partition_number": 0,
            "primary_network_interface_id": "eni-053b53a7ffa76430b",
            "private_dns": "ip-172-168-80-146.ec2.internal",
            "private_dns_name_options": [
              {
                "enable_resource_name_dns_a_record": false,
                "enable_resource_name_dns_aaaa_record": false,
                "hostname_type": "ip-name"
              }
            ],
            "private_ip": "172.168.80.146",
            "public_dns": "ec2-3-239-248-187.compute-1.amazonaws.com",
            "public_ip": "3.239.248.187",
            "root_block_device": [
              {
                "delete_on_termination": true,
                "device_name": "/dev/xvda",
                "encrypted": false,
                "iops": 100,
                "kms_key_id": "",
                "tags": {},
                "throughput": 0,
                "volume_id": "vol-04727d34429d1e5e8",
                "volume_size": 8,
                "volume_type": "gp2"
              }
            ],
            "secondary_private_ips": [],
            "security_groups": [],
            "source_dest_check": true,
            "spot_instance_request_id": "",
            "subnet_id": "subnet-032059147ef355389",
            "tags": {
              "Name": "FPT-prometheus-ec2-instance"
            },
            "tags_all": {
              "Name": "FPT-prometheus-ec2-instance"
            },
            "tenancy": "default",
            "timeouts": {
              "create": null,
              "delete": null,
              "update": null
            },
            "user_data": null,
            "user_data_base64": null,
            "user_data_replace_on_change": false,
            "volume_tags": {
              "Name": "elk-ec2-instance"
            },
            "vpc_security_group_ids": [
              "sg-0523aaeb612ffcaa1"
            ]
          },
          "sensitive_attributes": [],
          "private": "eyJlMmJmYjczMC1lY2FhLTExZTYtOGY4OC0zNDM2M2JjN2M0YzAiOnsiY3JlYXRlIjo2MDAwMDAwMDAwMDAsImRlbGV0ZSI6MTIwMDAwMDAwMDAwMCwidXBkYXRlIjo2MDAwMDAwMDAwMDB9LCJzY2hlbWFfdmVyc2lvbiI6IjEifQ==",
          "dependencies": [
            "module.key-pair.aws_key_pair.this",
            "module.key-pair.tls_private_key.this",
            "module.prometheus-ec2-instance.aws_iam_instance_profile.this",
            "module.prometheus-ec2-instance.aws_iam_role.this",
            "module.prometheus-ec2-instance.data.aws_iam_policy_document.assume_role_policy",
            "module.prometheus-ec2-instance.data.aws_partition.current",
            "module.prometheus-ec2-instance.data.aws_ssm_parameter.this",
            "module.prometheus-security-group.aws_security_group.this",
            "module.prometheus-security-group.aws_security_group.this_name_prefix",
            "module.vpc.aws_subnet.public",
            "module.vpc.aws_vpc.this",
            "module.vpc.aws_vpc_ipv4_cidr_block_association.this"
          ]
        }
      ]
    },
    {
      "module": "module.prometheus-security-group",
      "mode": "managed",
      "type": "aws_security_group",
      "name": "this_name_prefix",
      "provider": "provider[\"registry.terraform.io/hashicorp/aws\"]",
      "instances": [
        {
          "index_key": 0,
          "schema_version": 1,
          "attributes": {
            "arn": "arn:aws:ec2:us-east-1:571207880192:security-group/sg-0523aaeb612ffcaa1",
            "description": "Security group that handles traffic for the prometheus server",
            "egress": [],
            "id": "sg-0523aaeb612ffcaa1",
            "ingress": [],
            "name": "prometheus-security-group-20231117171206793300000002",
            "name_prefix": "prometheus-security-group-",
            "owner_id": "571207880192",
            "revoke_rules_on_delete": false,
            "tags": {
              "Name": "FPT-prometheus-sg"
            },
            "tags_all": {
              "Name": "FPT-prometheus-sg"
            },
            "timeouts": {
              "create": "10m",
              "delete": "15m"
            },
            "vpc_id": "vpc-092206a3ad9a60136"
          },
          "sensitive_attributes": [],
          "private": "eyJlMmJmYjczMC1lY2FhLTExZTYtOGY4OC0zNDM2M2JjN2M0YzAiOnsiY3JlYXRlIjo2MDAwMDAwMDAwMDAsImRlbGV0ZSI6OTAwMDAwMDAwMDAwfSwic2NoZW1hX3ZlcnNpb24iOiIxIn0=",
          "dependencies": [
            "module.vpc.aws_vpc.this"
          ],
          "create_before_destroy": true
        }
      ]
    },
    {
      "module": "module.prometheus-security-group",
      "mode": "managed",
      "type": "aws_security_group_rule",
      "name": "computed_ingress_with_source_security_group_id",
      "provider": "provider[\"registry.terraform.io/hashicorp/aws\"]",
      "instances": [
        {
          "index_key": 0,
          "schema_version": 2,
          "attributes": {
            "cidr_blocks": null,
            "description": "Ingress Rule",
            "from_port": 22,
            "id": "sgrule-3526554820",
            "ipv6_cidr_blocks": null,
            "prefix_list_ids": [],
            "protocol": "tcp",
            "security_group_id": "sg-0523aaeb612ffcaa1",
            "security_group_rule_id": "sgr-057a35fc3d3d92dca",
            "self": false,
            "source_security_group_id": "sg-00ca4d6cee2bd9981",
            "timeouts": null,
            "to_port": 22,
            "type": "ingress"
          },
          "sensitive_attributes": [],
          "private": "eyJlMmJmYjczMC1lY2FhLTExZTYtOGY4OC0zNDM2M2JjN2M0YzAiOnsiY3JlYXRlIjozMDAwMDAwMDAwMDB9LCJzY2hlbWFfdmVyc2lvbiI6IjIifQ==",
          "dependencies": [
            "module.bastion-security-group.aws_security_group.this",
            "module.bastion-security-group.aws_security_group.this_name_prefix",
            "module.prometheus-security-group.aws_security_group.this",
            "module.prometheus-security-group.aws_security_group.this_name_prefix",
            "module.vpc.aws_vpc.this"
          ]
        }
      ]
    },
    {
      "module": "module.prometheus-security-group",
      "mode": "managed",
      "type": "aws_security_group_rule",
      "name": "egress_rules",
      "provider": "provider[\"registry.terraform.io/hashicorp/aws\"]",
      "instances": [
        {
          "index_key": 0,
          "schema_version": 2,
          "attributes": {
            "cidr_blocks": [
              "0.0.0.0/0"
            ],
            "description": "All protocols",
            "from_port": -1,
            "id": "sgrule-3481824041",
            "ipv6_cidr_blocks": [
              "::/0"
            ],
            "prefix_list_ids": [],
            "protocol": "-1",
            "security_group_id": "sg-0523aaeb612ffcaa1",
            "security_group_rule_id": "",
            "self": false,
            "source_security_group_id": null,
            "timeouts": null,
            "to_port": -1,
            "type": "egress"
          },
          "sensitive_attributes": [],
          "private": "eyJlMmJmYjczMC1lY2FhLTExZTYtOGY4OC0zNDM2M2JjN2M0YzAiOnsiY3JlYXRlIjozMDAwMDAwMDAwMDB9LCJzY2hlbWFfdmVyc2lvbiI6IjIifQ==",
          "dependencies": [
            "module.prometheus-security-group.aws_security_group.this",
            "module.prometheus-security-group.aws_security_group.this_name_prefix",
            "module.vpc.aws_vpc.this"
          ]
        }
      ]
    },
    {
      "module": "module.prometheus-security-group",
      "mode": "managed",
      "type": "aws_security_group_rule",
      "name": "ingress_rules",
      "provider": "provider[\"registry.terraform.io/hashicorp/aws\"]",
      "instances": [
        {
          "index_key": 0,
          "schema_version": 2,
          "attributes": {
            "cidr_blocks": [
              "0.0.0.0/0"
            ],
            "description": "HTTP",
            "from_port": 80,
            "id": "sgrule-785075121",
            "ipv6_cidr_blocks": [],
            "prefix_list_ids": [],
            "protocol": "tcp",
            "security_group_id": "sg-0523aaeb612ffcaa1",
            "security_group_rule_id": "sgr-09e431fb06157afad",
            "self": false,
            "source_security_group_id": null,
            "timeouts": null,
            "to_port": 80,
            "type": "ingress"
          },
          "sensitive_attributes": [],
          "private": "eyJlMmJmYjczMC1lY2FhLTExZTYtOGY4OC0zNDM2M2JjN2M0YzAiOnsiY3JlYXRlIjozMDAwMDAwMDAwMDB9LCJzY2hlbWFfdmVyc2lvbiI6IjIifQ==",
          "dependencies": [
            "module.prometheus-security-group.aws_security_group.this",
            "module.prometheus-security-group.aws_security_group.this_name_prefix",
            "module.vpc.aws_vpc.this"
          ]
        },
        {
          "index_key": 1,
          "schema_version": 2,
          "attributes": {
            "cidr_blocks": [
              "0.0.0.0/0"
            ],
            "description": "HTTPS",
            "from_port": 443,
            "id": "sgrule-3136506840",
            "ipv6_cidr_blocks": [],
            "prefix_list_ids": [],
            "protocol": "tcp",
            "security_group_id": "sg-0523aaeb612ffcaa1",
            "security_group_rule_id": "sgr-03b95d388cf91af93",
            "self": false,
            "source_security_group_id": null,
            "timeouts": null,
            "to_port": 443,
            "type": "ingress"
          },
          "sensitive_attributes": [],
          "private": "eyJlMmJmYjczMC1lY2FhLTExZTYtOGY4OC0zNDM2M2JjN2M0YzAiOnsiY3JlYXRlIjozMDAwMDAwMDAwMDB9LCJzY2hlbWFfdmVyc2lvbiI6IjIifQ==",
          "dependencies": [
            "module.prometheus-security-group.aws_security_group.this",
            "module.prometheus-security-group.aws_security_group.this_name_prefix",
            "module.vpc.aws_vpc.this"
          ]
        },
        {
          "index_key": 2,
          "schema_version": 2,
          "attributes": {
            "cidr_blocks": [
              "0.0.0.0/0"
            ],
            "description": "Prometheus",
            "from_port": 9090,
            "id": "sgrule-4267264493",
            "ipv6_cidr_blocks": [],
            "prefix_list_ids": [],
            "protocol": "tcp",
            "security_group_id": "sg-0523aaeb612ffcaa1",
            "security_group_rule_id": "sgr-06d9205c00d0b5de4",
            "self": false,
            "source_security_group_id": null,
            "timeouts": null,
            "to_port": 9090,
            "type": "ingress"
          },
          "sensitive_attributes": [],
          "private": "eyJlMmJmYjczMC1lY2FhLTExZTYtOGY4OC0zNDM2M2JjN2M0YzAiOnsiY3JlYXRlIjozMDAwMDAwMDAwMDB9LCJzY2hlbWFfdmVyc2lvbiI6IjIifQ==",
          "dependencies": [
            "module.prometheus-security-group.aws_security_group.this",
            "module.prometheus-security-group.aws_security_group.this_name_prefix",
            "module.vpc.aws_vpc.this"
          ]
        },
        {
          "index_key": 3,
          "schema_version": 2,
          "attributes": {
            "cidr_blocks": [
              "0.0.0.0/0"
            ],
            "description": "Prometheus Node Exporter",
            "from_port": 9100,
            "id": "sgrule-2587228443",
            "ipv6_cidr_blocks": [],
            "prefix_list_ids": [],
            "protocol": "tcp",
            "security_group_id": "sg-0523aaeb612ffcaa1",
            "security_group_rule_id": "sgr-05ef2a44579e20f0e",
            "self": false,
            "source_security_group_id": null,
            "timeouts": null,
            "to_port": 9100,
            "type": "ingress"
          },
          "sensitive_attributes": [],
          "private": "eyJlMmJmYjczMC1lY2FhLTExZTYtOGY4OC0zNDM2M2JjN2M0YzAiOnsiY3JlYXRlIjozMDAwMDAwMDAwMDB9LCJzY2hlbWFfdmVyc2lvbiI6IjIifQ==",
          "dependencies": [
            "module.prometheus-security-group.aws_security_group.this",
            "module.prometheus-security-group.aws_security_group.this_name_prefix",
            "module.vpc.aws_vpc.this"
          ]
        },
        {
          "index_key": 4,
          "schema_version": 2,
          "attributes": {
            "cidr_blocks": [
              "0.0.0.0/0"
            ],
            "description": "Grafana Dashboard",
            "from_port": 3000,
            "id": "sgrule-3078909460",
            "ipv6_cidr_blocks": [],
            "prefix_list_ids": [],
            "protocol": "tcp",
            "security_group_id": "sg-0523aaeb612ffcaa1",
            "security_group_rule_id": "sgr-06b8576b3517a34f7",
            "self": false,
            "source_security_group_id": null,
            "timeouts": null,
            "to_port": 3000,
            "type": "ingress"
          },
          "sensitive_attributes": [],
          "private": "eyJlMmJmYjczMC1lY2FhLTExZTYtOGY4OC0zNDM2M2JjN2M0YzAiOnsiY3JlYXRlIjozMDAwMDAwMDAwMDB9LCJzY2hlbWFfdmVyc2lvbiI6IjIifQ==",
          "dependencies": [
            "module.prometheus-security-group.aws_security_group.this",
            "module.prometheus-security-group.aws_security_group.this_name_prefix",
            "module.vpc.aws_vpc.this"
          ]
        },
        {
          "index_key": 5,
          "schema_version": 2,
          "attributes": {
            "cidr_blocks": [
              "0.0.0.0/0"
            ],
            "description": "Grafana Loki endpoint",
            "from_port": 3100,
            "id": "sgrule-1585324114",
            "ipv6_cidr_blocks": [],
            "prefix_list_ids": [],
            "protocol": "tcp",
            "security_group_id": "sg-0523aaeb612ffcaa1",
            "security_group_rule_id": "sgr-0fa713ac86001a4fb",
            "self": false,
            "source_security_group_id": null,
            "timeouts": null,
            "to_port": 3100,
            "type": "ingress"
          },
          "sensitive_attributes": [],
          "private": "eyJlMmJmYjczMC1lY2FhLTExZTYtOGY4OC0zNDM2M2JjN2M0YzAiOnsiY3JlYXRlIjozMDAwMDAwMDAwMDB9LCJzY2hlbWFfdmVyc2lvbiI6IjIifQ==",
          "dependencies": [
            "module.prometheus-security-group.aws_security_group.this",
            "module.prometheus-security-group.aws_security_group.this_name_prefix",
            "module.vpc.aws_vpc.this"
          ]
        }
      ]
    },
    {
      "module": "module.rds-security-group",
      "mode": "managed",
      "type": "aws_security_group",
      "name": "this_name_prefix",
      "provider": "provider[\"registry.terraform.io/hashicorp/aws\"]",
      "instances": [
        {
          "index_key": 0,
          "schema_version": 1,
          "attributes": {
            "arn": "arn:aws:ec2:us-east-1:571207880192:security-group/sg-0aa1f32ea3c7bd18c",
            "description": "Security group that handles traffic for the rds server",
            "egress": [],
            "id": "sg-0aa1f32ea3c7bd18c",
            "ingress": [],
            "name": "rds-security-group-20231117171207618700000004",
            "name_prefix": "rds-security-group-",
            "owner_id": "571207880192",
            "revoke_rules_on_delete": false,
            "tags": {
              "Name": "FPT-rds-sg"
            },
            "tags_all": {
              "Name": "FPT-rds-sg"
            },
            "timeouts": {
              "create": "10m",
              "delete": "15m"
            },
            "vpc_id": "vpc-092206a3ad9a60136"
          },
          "sensitive_attributes": [],
          "private": "eyJlMmJmYjczMC1lY2FhLTExZTYtOGY4OC0zNDM2M2JjN2M0YzAiOnsiY3JlYXRlIjo2MDAwMDAwMDAwMDAsImRlbGV0ZSI6OTAwMDAwMDAwMDAwfSwic2NoZW1hX3ZlcnNpb24iOiIxIn0=",
          "dependencies": [
            "module.vpc.aws_vpc.this"
          ],
          "create_before_destroy": true
        }
      ]
    },
    {
      "module": "module.rds-security-group",
      "mode": "managed",
      "type": "aws_security_group_rule",
      "name": "computed_ingress_with_source_security_group_id",
      "provider": "provider[\"registry.terraform.io/hashicorp/aws\"]",
      "instances": [
        {
          "index_key": 0,
          "schema_version": 2,
          "attributes": {
            "cidr_blocks": null,
            "description": "Ingress Rule",
            "from_port": 5432,
            "id": "sgrule-1456904196",
            "ipv6_cidr_blocks": null,
            "prefix_list_ids": [],
            "protocol": "tcp",
            "security_group_id": "sg-0aa1f32ea3c7bd18c",
            "security_group_rule_id": "sgr-0866f130341cb904d",
            "self": false,
            "source_security_group_id": "sg-00ca4d6cee2bd9981",
            "timeouts": null,
            "to_port": 5432,
            "type": "ingress"
          },
          "sensitive_attributes": [],
          "private": "eyJlMmJmYjczMC1lY2FhLTExZTYtOGY4OC0zNDM2M2JjN2M0YzAiOnsiY3JlYXRlIjozMDAwMDAwMDAwMDB9LCJzY2hlbWFfdmVyc2lvbiI6IjIifQ==",
          "dependencies": [
            "module.app-security-group.aws_security_group.this",
            "module.app-security-group.aws_security_group.this_name_prefix",
            "module.bastion-security-group.aws_security_group.this",
            "module.bastion-security-group.aws_security_group.this_name_prefix",
            "module.rds-security-group.aws_security_group.this",
            "module.rds-security-group.aws_security_group.this_name_prefix",
            "module.vpc.aws_vpc.this"
          ]
        },
        {
          "index_key": 1,
          "schema_version": 2,
          "attributes": {
            "cidr_blocks": null,
            "description": "Ingress Rule",
            "from_port": 5432,
            "id": "sgrule-1616349491",
            "ipv6_cidr_blocks": null,
            "prefix_list_ids": [],
            "protocol": "tcp",
            "security_group_id": "sg-0aa1f32ea3c7bd18c",
            "security_group_rule_id": "sgr-0ff6f385cf836d089",
            "self": false,
            "source_security_group_id": "sg-0ef6b9298f9bffdae",
            "timeouts": null,
            "to_port": 5432,
            "type": "ingress"
          },
          "sensitive_attributes": [],
          "private": "eyJlMmJmYjczMC1lY2FhLTExZTYtOGY4OC0zNDM2M2JjN2M0YzAiOnsiY3JlYXRlIjozMDAwMDAwMDAwMDB9LCJzY2hlbWFfdmVyc2lvbiI6IjIifQ==",
          "dependencies": [
            "module.app-security-group.aws_security_group.this",
            "module.app-security-group.aws_security_group.this_name_prefix",
            "module.bastion-security-group.aws_security_group.this",
            "module.bastion-security-group.aws_security_group.this_name_prefix",
            "module.rds-security-group.aws_security_group.this",
            "module.rds-security-group.aws_security_group.this_name_prefix",
            "module.vpc.aws_vpc.this"
          ]
        },
        {
          "index_key": 2,
          "schema_version": 2,
          "attributes": {
            "cidr_blocks": null,
            "description": "Ingress Rule",
            "from_port": 80,
            "id": "sgrule-1924307445",
            "ipv6_cidr_blocks": null,
            "prefix_list_ids": [],
            "protocol": "tcp",
            "security_group_id": "sg-0aa1f32ea3c7bd18c",
            "security_group_rule_id": "sgr-02a29a7fb9f9ad794",
            "self": false,
            "source_security_group_id": "sg-0ef6b9298f9bffdae",
            "timeouts": null,
            "to_port": 80,
            "type": "ingress"
          },
          "sensitive_attributes": [],
          "private": "eyJlMmJmYjczMC1lY2FhLTExZTYtOGY4OC0zNDM2M2JjN2M0YzAiOnsiY3JlYXRlIjozMDAwMDAwMDAwMDB9LCJzY2hlbWFfdmVyc2lvbiI6IjIifQ==",
          "dependencies": [
            "module.app-security-group.aws_security_group.this",
            "module.app-security-group.aws_security_group.this_name_prefix",
            "module.bastion-security-group.aws_security_group.this",
            "module.bastion-security-group.aws_security_group.this_name_prefix",
            "module.rds-security-group.aws_security_group.this",
            "module.rds-security-group.aws_security_group.this_name_prefix",
            "module.vpc.aws_vpc.this"
          ]
        },
        {
          "index_key": 3,
          "schema_version": 2,
          "attributes": {
            "cidr_blocks": null,
            "description": "Ingress Rule",
            "from_port": 443,
            "id": "sgrule-4172042617",
            "ipv6_cidr_blocks": null,
            "prefix_list_ids": [],
            "protocol": "tcp",
            "security_group_id": "sg-0aa1f32ea3c7bd18c",
            "security_group_rule_id": "sgr-0038f4c8db740577a",
            "self": false,
            "source_security_group_id": "sg-0ef6b9298f9bffdae",
            "timeouts": null,
            "to_port": 443,
            "type": "ingress"
          },
          "sensitive_attributes": [],
          "private": "eyJlMmJmYjczMC1lY2FhLTExZTYtOGY4OC0zNDM2M2JjN2M0YzAiOnsiY3JlYXRlIjozMDAwMDAwMDAwMDB9LCJzY2hlbWFfdmVyc2lvbiI6IjIifQ==",
          "dependencies": [
            "module.app-security-group.aws_security_group.this",
            "module.app-security-group.aws_security_group.this_name_prefix",
            "module.bastion-security-group.aws_security_group.this",
            "module.bastion-security-group.aws_security_group.this_name_prefix",
            "module.rds-security-group.aws_security_group.this",
            "module.rds-security-group.aws_security_group.this_name_prefix",
            "module.vpc.aws_vpc.this"
          ]
        }
      ]
    },
    {
      "module": "module.rds-security-group",
      "mode": "managed",
      "type": "aws_security_group_rule",
      "name": "egress_rules",
      "provider": "provider[\"registry.terraform.io/hashicorp/aws\"]",
      "instances": [
        {
          "index_key": 0,
          "schema_version": 2,
          "attributes": {
            "cidr_blocks": [
              "0.0.0.0/0"
            ],
            "description": "All protocols",
            "from_port": -1,
            "id": "sgrule-865254395",
            "ipv6_cidr_blocks": [
              "::/0"
            ],
            "prefix_list_ids": [],
            "protocol": "-1",
            "security_group_id": "sg-0aa1f32ea3c7bd18c",
            "security_group_rule_id": "",
            "self": false,
            "source_security_group_id": null,
            "timeouts": null,
            "to_port": -1,
            "type": "egress"
          },
          "sensitive_attributes": [],
          "private": "eyJlMmJmYjczMC1lY2FhLTExZTYtOGY4OC0zNDM2M2JjN2M0YzAiOnsiY3JlYXRlIjozMDAwMDAwMDAwMDB9LCJzY2hlbWFfdmVyc2lvbiI6IjIifQ==",
          "dependencies": [
            "module.rds-security-group.aws_security_group.this",
            "module.rds-security-group.aws_security_group.this_name_prefix",
            "module.vpc.aws_vpc.this"
          ]
        }
      ]
    },
    {
      "module": "module.rds.module.db_instance",
      "mode": "data",
      "type": "aws_iam_policy_document",
      "name": "enhanced_monitoring",
      "provider": "provider[\"registry.terraform.io/hashicorp/aws\"]",
      "instances": [
        {
          "schema_version": 0,
          "attributes": {
            "id": "76086537",
            "json": "{\n  \"Version\": \"2012-10-17\",\n  \"Statement\": [\n    {\n      \"Effect\": \"Allow\",\n      \"Action\": \"sts:AssumeRole\",\n      \"Principal\": {\n        \"Service\": \"monitoring.rds.amazonaws.com\"\n      }\n    }\n  ]\n}",
            "override_policy_documents": null,
            "policy_id": null,
            "source_policy_documents": null,
            "statement": [
              {
                "actions": [
                  "sts:AssumeRole"
                ],
                "condition": [],
                "effect": "Allow",
                "not_actions": [],
                "not_principals": [],
                "not_resources": [],
                "principals": [
                  {
                    "identifiers": [
                      "monitoring.rds.amazonaws.com"
                    ],
                    "type": "Service"
                  }
                ],
                "resources": [],
                "sid": ""
              }
            ],
            "version": "2012-10-17"
          },
          "sensitive_attributes": []
        }
      ]
    },
    {
      "module": "module.rds.module.db_instance",
      "mode": "data",
      "type": "aws_partition",
      "name": "current",
      "provider": "provider[\"registry.terraform.io/hashicorp/aws\"]",
      "instances": [
        {
          "schema_version": 0,
          "attributes": {
            "dns_suffix": "amazonaws.com",
            "id": "aws",
            "partition": "aws",
            "reverse_dns_prefix": "com.amazonaws"
          },
          "sensitive_attributes": []
        }
      ]
    },
    {
      "module": "module.rds.module.db_instance",
      "mode": "managed",
      "type": "aws_db_instance",
      "name": "this",
      "provider": "provider[\"registry.terraform.io/hashicorp/aws\"]",
      "instances": [
        {
          "index_key": 0,
          "schema_version": 2,
          "attributes": {
            "address": "fptdb.c1o5egw4sid4.us-east-1.rds.amazonaws.com",
            "allocated_storage": 20,
            "allow_major_version_upgrade": false,
            "apply_immediately": false,
            "arn": "arn:aws:rds:us-east-1:571207880192:db:fptdb",
            "auto_minor_version_upgrade": true,
            "availability_zone": "us-east-1a",
            "backup_retention_period": 0,
            "backup_target": "region",
            "backup_window": "03:00-06:00",
            "blue_green_update": [],
            "ca_cert_identifier": "rds-ca-2019",
            "character_set_name": "",
            "copy_tags_to_snapshot": false,
            "custom_iam_instance_profile": "",
            "customer_owned_ip_enabled": false,
            "db_name": "fptdb",
            "db_subnet_group_name": "fpt-subnet-group-20231117171208421400000007",
            "delete_automated_backups": true,
            "deletion_protection": false,
            "domain": "",
            "domain_iam_role_name": "",
            "enabled_cloudwatch_logs_exports": null,
            "endpoint": "fptdb.c1o5egw4sid4.us-east-1.rds.amazonaws.com:5432",
            "engine": "postgres",
            "engine_version": "15.3",
            "engine_version_actual": "15.3",
            "final_snapshot_identifier": "final-fptdb-20ec75ea",
            "hosted_zone_id": "Z2R2ITUGPM61AM",
            "iam_database_authentication_enabled": true,
            "id": "db-GW6YUVNDZBICF2PWLONTSX2BCU",
            "identifier": "fptdb",
            "identifier_prefix": "",
            "instance_class": "db.t3.micro",
            "iops": 0,
            "kms_key_id": "arn:aws:kms:us-east-1:571207880192:key/391cf200-4621-4378-aa94-48922960ab83",
            "latest_restorable_time": "",
            "license_model": "postgresql-license",
            "listener_endpoint": [],
            "maintenance_window": "mon:00:00-mon:03:00",
            "manage_master_user_password": true,
            "master_user_secret": [
              {
                "kms_key_id": "arn:aws:kms:us-east-1:571207880192:key/0bac7f1b-ee04-411d-90d6-7e42a2531315",
                "secret_arn": "arn:aws:secretsmanager:us-east-1:571207880192:secret:rds!db-bf136698-c3ad-4105-94d0-6495250cde63-VoRvMd",
                "secret_status": "active"
              }
            ],
            "master_user_secret_kms_key_id": null,
            "max_allocated_storage": 0,
            "monitoring_interval": 0,
            "monitoring_role_arn": "",
            "multi_az": false,
            "nchar_character_set_name": "",
            "network_type": "IPV4",
            "option_group_name": "default:postgres-15",
            "parameter_group_name": "fptdb-20231117171155274100000001",
            "password": null,
            "performance_insights_enabled": false,
            "performance_insights_kms_key_id": "",
            "performance_insights_retention_period": 0,
            "port": 5432,
            "publicly_accessible": false,
            "replica_mode": "",
            "replicas": [],
            "replicate_source_db": "",
            "resource_id": "db-GW6YUVNDZBICF2PWLONTSX2BCU",
            "restore_to_point_in_time": [],
            "s3_import": [],
            "skip_final_snapshot": false,
            "snapshot_identifier": null,
            "status": "available",
            "storage_encrypted": true,
            "storage_throughput": 0,
            "storage_type": "gp2",
            "tags": null,
            "tags_all": {},
            "timeouts": {
              "create": null,
              "delete": null,
              "update": null
            },
            "timezone": "",
            "username": "fptdb",
            "vpc_security_group_ids": [
              "sg-0aa1f32ea3c7bd18c"
            ]
          },
          "sensitive_attributes": [
            [
              {
                "type": "get_attr",
                "value": "username"
              }
            ]
          ],
          "private": "eyJlMmJmYjczMC1lY2FhLTExZTYtOGY4OC0zNDM2M2JjN2M0YzAiOnsiY3JlYXRlIjoyNDAwMDAwMDAwMDAwLCJkZWxldGUiOjM2MDAwMDAwMDAwMDAsInVwZGF0ZSI6NDgwMDAwMDAwMDAwMH0sInNjaGVtYV92ZXJzaW9uIjoiMiJ9",
          "dependencies": [
            "module.rds-security-group.aws_security_group.this",
            "module.rds-security-group.aws_security_group.this_name_prefix",
            "module.rds.module.db_instance.aws_cloudwatch_log_group.this",
            "module.rds.module.db_instance.aws_iam_role.enhanced_monitoring",
            "module.rds.module.db_instance.data.aws_iam_policy_document.enhanced_monitoring",
            "module.rds.module.db_instance.random_id.snapshot_identifier",
            "module.rds.module.db_option_group.aws_db_option_group.this",
            "module.rds.module.db_parameter_group.aws_db_parameter_group.this",
            "module.rds.module.db_subnet_group.aws_db_subnet_group.this",
            "module.vpc.aws_subnet.private",
            "module.vpc.aws_vpc.this",
            "module.vpc.aws_vpc_ipv4_cidr_block_association.this"
          ]
        }
      ]
    },
    {
      "module": "module.rds.module.db_instance",
      "mode": "managed",
      "type": "random_id",
      "name": "snapshot_identifier",
      "provider": "provider[\"registry.terraform.io/hashicorp/random\"]",
      "instances": [
        {
          "index_key": 0,
          "schema_version": 0,
          "attributes": {
            "b64_std": "IOx16g==",
            "b64_url": "IOx16g",
            "byte_length": 4,
            "dec": "552367594",
            "hex": "20ec75ea",
            "id": "IOx16g",
            "keepers": {
              "id": "fptdb"
            },
            "prefix": null
          },
          "sensitive_attributes": []
        }
      ]
    },
    {
      "module": "module.rds.module.db_parameter_group",
      "mode": "managed",
      "type": "aws_db_parameter_group",
      "name": "this",
      "provider": "provider[\"registry.terraform.io/hashicorp/aws\"]",
      "instances": [
        {
          "index_key": 0,
          "schema_version": 0,
          "attributes": {
            "arn": "arn:aws:rds:us-east-1:571207880192:pg:fptdb-20231117171155274100000001",
            "description": "fptdb parameter group",
            "family": "postgres15",
            "id": "fptdb-20231117171155274100000001",
            "name": "fptdb-20231117171155274100000001",
            "name_prefix": "fptdb-",
            "parameter": [],
            "tags": {
              "Name": "fptdb"
            },
            "tags_all": {
              "Name": "fptdb"
            }
          },
          "sensitive_attributes": [],
          "private": "bnVsbA==",
          "create_before_destroy": true
        }
      ]
    },
    {
      "module": "module.rds.module.db_subnet_group",
      "mode": "managed",
      "type": "aws_db_subnet_group",
      "name": "this",
      "provider": "provider[\"registry.terraform.io/hashicorp/aws\"]",
      "instances": [
        {
          "index_key": 0,
          "schema_version": 0,
          "attributes": {
            "arn": "arn:aws:rds:us-east-1:571207880192:subgrp:fpt-subnet-group-20231117171208421400000007",
            "description": "fpt-subnet-group subnet group",
            "id": "fpt-subnet-group-20231117171208421400000007",
            "name": "fpt-subnet-group-20231117171208421400000007",
            "name_prefix": "fpt-subnet-group-",
            "subnet_ids": [
              "subnet-0610d4457d0f1275d",
              "subnet-07e1a47a51ee02954",
              "subnet-08345badab203fef0"
            ],
            "supported_network_types": [
              "IPV4"
            ],
            "tags": {
              "Name": "fpt-subnet-group"
            },
            "tags_all": {
              "Name": "fpt-subnet-group"
            },
            "vpc_id": "vpc-092206a3ad9a60136"
          },
          "sensitive_attributes": [],
          "private": "bnVsbA==",
          "dependencies": [
            "module.vpc.aws_subnet.private",
            "module.vpc.aws_vpc.this",
            "module.vpc.aws_vpc_ipv4_cidr_block_association.this"
          ]
        }
      ]
    },
    {
      "module": "module.vpc",
      "mode": "managed",
      "type": "aws_default_network_acl",
      "name": "this",
      "provider": "provider[\"registry.terraform.io/hashicorp/aws\"]",
      "instances": [
        {
          "index_key": 0,
          "schema_version": 0,
          "attributes": {
            "arn": "arn:aws:ec2:us-east-1:571207880192:network-acl/acl-02294714140ba83c7",
            "default_network_acl_id": "acl-02294714140ba83c7",
            "egress": [
              {
                "action": "allow",
                "cidr_block": "",
                "from_port": 0,
                "icmp_code": null,
                "icmp_type": null,
                "ipv6_cidr_block": "::/0",
                "protocol": "-1",
                "rule_no": 101,
                "to_port": 0
              },
              {
                "action": "allow",
                "cidr_block": "0.0.0.0/0",
                "from_port": 0,
                "icmp_code": null,
                "icmp_type": null,
                "ipv6_cidr_block": "",
                "protocol": "-1",
                "rule_no": 100,
                "to_port": 0
              }
            ],
            "id": "acl-02294714140ba83c7",
            "ingress": [
              {
                "action": "allow",
                "cidr_block": "",
                "from_port": 0,
                "icmp_code": null,
                "icmp_type": null,
                "ipv6_cidr_block": "::/0",
                "protocol": "-1",
                "rule_no": 101,
                "to_port": 0
              },
              {
                "action": "allow",
                "cidr_block": "0.0.0.0/0",
                "from_port": 0,
                "icmp_code": null,
                "icmp_type": null,
                "ipv6_cidr_block": "",
                "protocol": "-1",
                "rule_no": 100,
                "to_port": 0
              }
            ],
            "owner_id": "571207880192",
            "subnet_ids": [
              "subnet-032059147ef355389",
              "subnet-046cbe03c42a2e96b",
              "subnet-0610d4457d0f1275d",
              "subnet-07e1a47a51ee02954",
              "subnet-08345badab203fef0",
              "subnet-088afeb49bc4e5778"
            ],
            "tags": {
              "Name": "FPT-VPC-default"
            },
            "tags_all": {
              "Name": "FPT-VPC-default"
            },
            "vpc_id": "vpc-092206a3ad9a60136"
          },
          "sensitive_attributes": [],
          "private": "bnVsbA==",
          "dependencies": [
            "module.vpc.aws_vpc.this"
          ]
        }
      ]
    },
    {
      "module": "module.vpc",
      "mode": "managed",
      "type": "aws_default_route_table",
      "name": "default",
      "provider": "provider[\"registry.terraform.io/hashicorp/aws\"]",
      "instances": [
        {
          "index_key": 0,
          "schema_version": 0,
          "attributes": {
            "arn": "arn:aws:ec2:us-east-1:571207880192:route-table/rtb-08f1e6de2da3949dd",
            "default_route_table_id": "rtb-08f1e6de2da3949dd",
            "id": "rtb-08f1e6de2da3949dd",
            "owner_id": "571207880192",
            "propagating_vgws": null,
            "route": [],
            "tags": {
              "Name": "FPT-VPC-default"
            },
            "tags_all": {
              "Name": "FPT-VPC-default"
            },
            "timeouts": {
              "create": "5m",
              "update": "5m"
            },
            "vpc_id": "vpc-092206a3ad9a60136"
          },
          "sensitive_attributes": [],
          "private": "eyJlMmJmYjczMC1lY2FhLTExZTYtOGY4OC0zNDM2M2JjN2M0YzAiOnsiY3JlYXRlIjozMDAwMDAwMDAwMDAsInVwZGF0ZSI6MzAwMDAwMDAwMDAwfX0=",
          "dependencies": [
            "module.vpc.aws_vpc.this"
          ]
        }
      ]
    },
    {
      "module": "module.vpc",
      "mode": "managed",
      "type": "aws_default_security_group",
      "name": "this",
      "provider": "provider[\"registry.terraform.io/hashicorp/aws\"]",
      "instances": [
        {
          "index_key": 0,
          "schema_version": 1,
          "attributes": {
            "arn": "arn:aws:ec2:us-east-1:571207880192:security-group/sg-02882526cf24ee270",
            "description": "default VPC security group",
            "egress": [],
            "id": "sg-02882526cf24ee270",
            "ingress": [],
            "name": "default",
            "name_prefix": "",
            "owner_id": "571207880192",
            "revoke_rules_on_delete": false,
            "tags": {
              "Name": "FPT-VPC-default"
            },
            "tags_all": {
              "Name": "FPT-VPC-default"
            },
            "vpc_id": "vpc-092206a3ad9a60136"
          },
          "sensitive_attributes": [],
          "private": "eyJzY2hlbWFfdmVyc2lvbiI6IjEifQ==",
          "dependencies": [
            "module.vpc.aws_vpc.this"
          ]
        }
      ]
    },
    {
      "module": "module.vpc",
      "mode": "managed",
      "type": "aws_eip",
      "name": "nat",
      "provider": "provider[\"registry.terraform.io/hashicorp/aws\"]",
      "instances": [
        {
          "index_key": 0,
          "schema_version": 0,
          "attributes": {
            "address": null,
            "allocation_id": "eipalloc-0ad4dc03bc8d73ec3",
            "associate_with_private_ip": null,
            "association_id": "",
            "carrier_ip": "",
            "customer_owned_ip": "",
            "customer_owned_ipv4_pool": "",
            "domain": "vpc",
            "id": "eipalloc-0ad4dc03bc8d73ec3",
            "instance": "",
            "network_border_group": "us-east-1",
            "network_interface": "",
            "private_dns": null,
            "private_ip": "",
            "public_dns": "ec2-52-73-5-92.compute-1.amazonaws.com",
            "public_ip": "52.73.5.92",
            "public_ipv4_pool": "amazon",
            "tags": {
              "Name": "FPT-eip"
            },
            "tags_all": {
              "Name": "FPT-eip"
            },
            "timeouts": null,
            "vpc": true
          },
          "sensitive_attributes": [],
          "private": "eyJlMmJmYjczMC1lY2FhLTExZTYtOGY4OC0zNDM2M2JjN2M0YzAiOnsiZGVsZXRlIjoxODAwMDAwMDAwMDAsInJlYWQiOjkwMDAwMDAwMDAwMCwidXBkYXRlIjozMDAwMDAwMDAwMDB9fQ==",
          "dependencies": [
            "module.vpc.aws_internet_gateway.this",
            "module.vpc.aws_vpc.this",
            "module.vpc.aws_vpc_ipv4_cidr_block_association.this"
          ]
        }
      ]
    },
    {
      "module": "module.vpc",
      "mode": "managed",
      "type": "aws_internet_gateway",
      "name": "this",
      "provider": "provider[\"registry.terraform.io/hashicorp/aws\"]",
      "instances": [
        {
          "index_key": 0,
          "schema_version": 0,
          "attributes": {
            "arn": "arn:aws:ec2:us-east-1:571207880192:internet-gateway/igw-0a014522a491b8e25",
            "id": "igw-0a014522a491b8e25",
            "owner_id": "571207880192",
            "tags": {
              "Name": "FPT-igw"
            },
            "tags_all": {
              "Name": "FPT-igw"
            },
            "timeouts": null,
            "vpc_id": "vpc-092206a3ad9a60136"
          },
          "sensitive_attributes": [],
          "private": "eyJlMmJmYjczMC1lY2FhLTExZTYtOGY4OC0zNDM2M2JjN2M0YzAiOnsiY3JlYXRlIjoxMjAwMDAwMDAwMDAwLCJkZWxldGUiOjEyMDAwMDAwMDAwMDAsInVwZGF0ZSI6MTIwMDAwMDAwMDAwMH19",
          "dependencies": [
            "module.vpc.aws_vpc.this",
            "module.vpc.aws_vpc_ipv4_cidr_block_association.this"
          ]
        }
      ]
    },
    {
      "module": "module.vpc",
      "mode": "managed",
      "type": "aws_nat_gateway",
      "name": "this",
      "provider": "provider[\"registry.terraform.io/hashicorp/aws\"]",
      "instances": [
        {
          "index_key": 0,
          "schema_version": 0,
          "attributes": {
            "allocation_id": "eipalloc-0ad4dc03bc8d73ec3",
            "association_id": "eipassoc-0f3f4ddd66621a53f",
            "connectivity_type": "public",
            "id": "nat-00f4d4a28d3adfb45",
            "network_interface_id": "eni-0150babb02e51deaf",
            "private_ip": "172.168.51.236",
            "public_ip": "52.73.5.92",
            "secondary_allocation_ids": null,
            "secondary_private_ip_address_count": 0,
            "secondary_private_ip_addresses": [],
            "subnet_id": "subnet-046cbe03c42a2e96b",
            "tags": {
              "Name": "FPT-nat_gateway"
            },
            "tags_all": {
              "Name": "FPT-nat_gateway"
            },
            "timeouts": null
          },
          "sensitive_attributes": [],
          "private": "eyJlMmJmYjczMC1lY2FhLTExZTYtOGY4OC0zNDM2M2JjN2M0YzAiOnsiY3JlYXRlIjo2MDAwMDAwMDAwMDAsImRlbGV0ZSI6MTgwMDAwMDAwMDAwMCwidXBkYXRlIjo2MDAwMDAwMDAwMDB9fQ==",
          "dependencies": [
            "module.vpc.aws_eip.nat",
            "module.vpc.aws_internet_gateway.this",
            "module.vpc.aws_subnet.public",
            "module.vpc.aws_vpc.this",
            "module.vpc.aws_vpc_ipv4_cidr_block_association.this"
          ]
        }
      ]
    },
    {
      "module": "module.vpc",
      "mode": "managed",
      "type": "aws_route",
      "name": "private_nat_gateway",
      "provider": "provider[\"registry.terraform.io/hashicorp/aws\"]",
      "instances": [
        {
          "index_key": 0,
          "schema_version": 0,
          "attributes": {
            "carrier_gateway_id": "",
            "core_network_arn": "",
            "destination_cidr_block": "0.0.0.0/0",
            "destination_ipv6_cidr_block": "",
            "destination_prefix_list_id": "",
            "egress_only_gateway_id": "",
            "gateway_id": "",
            "id": "r-rtb-0dd2da9f0e3728df51080289494",
            "instance_id": "",
            "instance_owner_id": "",
            "local_gateway_id": "",
            "nat_gateway_id": "nat-00f4d4a28d3adfb45",
            "network_interface_id": "",
            "origin": "CreateRoute",
            "route_table_id": "rtb-0dd2da9f0e3728df5",
            "state": "active",
            "timeouts": {
              "create": "5m",
              "delete": null,
              "update": null
            },
            "transit_gateway_id": "",
            "vpc_endpoint_id": "",
            "vpc_peering_connection_id": ""
          },
          "sensitive_attributes": [],
          "private": "eyJlMmJmYjczMC1lY2FhLTExZTYtOGY4OC0zNDM2M2JjN2M0YzAiOnsiY3JlYXRlIjozMDAwMDAwMDAwMDAsImRlbGV0ZSI6MzAwMDAwMDAwMDAwLCJ1cGRhdGUiOjEyMDAwMDAwMDAwMH19",
          "dependencies": [
            "module.vpc.aws_eip.nat",
            "module.vpc.aws_internet_gateway.this",
            "module.vpc.aws_nat_gateway.this",
            "module.vpc.aws_route_table.private",
            "module.vpc.aws_subnet.public",
            "module.vpc.aws_vpc.this",
            "module.vpc.aws_vpc_ipv4_cidr_block_association.this"
          ]
        }
      ]
    },
    {
      "module": "module.vpc",
      "mode": "managed",
      "type": "aws_route",
      "name": "public_internet_gateway",
      "provider": "provider[\"registry.terraform.io/hashicorp/aws\"]",
      "instances": [
        {
          "index_key": 0,
          "schema_version": 0,
          "attributes": {
            "carrier_gateway_id": "",
            "core_network_arn": "",
            "destination_cidr_block": "0.0.0.0/0",
            "destination_ipv6_cidr_block": "",
            "destination_prefix_list_id": "",
            "egress_only_gateway_id": "",
            "gateway_id": "igw-0a014522a491b8e25",
            "id": "r-rtb-0bf1e00726957206e1080289494",
            "instance_id": "",
            "instance_owner_id": "",
            "local_gateway_id": "",
            "nat_gateway_id": "",
            "network_interface_id": "",
            "origin": "CreateRoute",
            "route_table_id": "rtb-0bf1e00726957206e",
            "state": "active",
            "timeouts": {
              "create": "5m",
              "delete": null,
              "update": null
            },
            "transit_gateway_id": "",
            "vpc_endpoint_id": "",
            "vpc_peering_connection_id": ""
          },
          "sensitive_attributes": [],
          "private": "eyJlMmJmYjczMC1lY2FhLTExZTYtOGY4OC0zNDM2M2JjN2M0YzAiOnsiY3JlYXRlIjozMDAwMDAwMDAwMDAsImRlbGV0ZSI6MzAwMDAwMDAwMDAwLCJ1cGRhdGUiOjEyMDAwMDAwMDAwMH19",
          "dependencies": [
            "module.vpc.aws_internet_gateway.this",
            "module.vpc.aws_route_table.public",
            "module.vpc.aws_vpc.this",
            "module.vpc.aws_vpc_ipv4_cidr_block_association.this"
          ]
        }
      ]
    },
    {
      "module": "module.vpc",
      "mode": "managed",
      "type": "aws_route_table",
      "name": "private",
      "provider": "provider[\"registry.terraform.io/hashicorp/aws\"]",
      "instances": [
        {
          "index_key": 0,
          "schema_version": 0,
          "attributes": {
            "arn": "arn:aws:ec2:us-east-1:571207880192:route-table/rtb-0dd2da9f0e3728df5",
            "id": "rtb-0dd2da9f0e3728df5",
            "owner_id": "571207880192",
            "propagating_vgws": [],
            "route": [],
            "tags": {
              "Name": "FPT-private-rtb"
            },
            "tags_all": {
              "Name": "FPT-private-rtb"
            },
            "timeouts": null,
            "vpc_id": "vpc-092206a3ad9a60136"
          },
          "sensitive_attributes": [],
          "private": "eyJlMmJmYjczMC1lY2FhLTExZTYtOGY4OC0zNDM2M2JjN2M0YzAiOnsiY3JlYXRlIjozMDAwMDAwMDAwMDAsImRlbGV0ZSI6MzAwMDAwMDAwMDAwLCJ1cGRhdGUiOjEyMDAwMDAwMDAwMH19",
          "dependencies": [
            "module.vpc.aws_vpc.this",
            "module.vpc.aws_vpc_ipv4_cidr_block_association.this"
          ]
        }
      ]
    },
    {
      "module": "module.vpc",
      "mode": "managed",
      "type": "aws_route_table",
      "name": "public",
      "provider": "provider[\"registry.terraform.io/hashicorp/aws\"]",
      "instances": [
        {
          "index_key": 0,
          "schema_version": 0,
          "attributes": {
            "arn": "arn:aws:ec2:us-east-1:571207880192:route-table/rtb-0bf1e00726957206e",
            "id": "rtb-0bf1e00726957206e",
            "owner_id": "571207880192",
            "propagating_vgws": [],
            "route": [],
            "tags": {
              "Name": "FPT-public-rtb"
            },
            "tags_all": {
              "Name": "FPT-public-rtb"
            },
            "timeouts": null,
            "vpc_id": "vpc-092206a3ad9a60136"
          },
          "sensitive_attributes": [],
          "private": "eyJlMmJmYjczMC1lY2FhLTExZTYtOGY4OC0zNDM2M2JjN2M0YzAiOnsiY3JlYXRlIjozMDAwMDAwMDAwMDAsImRlbGV0ZSI6MzAwMDAwMDAwMDAwLCJ1cGRhdGUiOjEyMDAwMDAwMDAwMH19",
          "dependencies": [
            "module.vpc.aws_vpc.this",
            "module.vpc.aws_vpc_ipv4_cidr_block_association.this"
          ]
        }
      ]
    },
    {
      "module": "module.vpc",
      "mode": "managed",
      "type": "aws_route_table_association",
      "name": "private",
      "provider": "provider[\"registry.terraform.io/hashicorp/aws\"]",
      "instances": [
        {
          "index_key": 0,
          "schema_version": 0,
          "attributes": {
            "gateway_id": "",
            "id": "rtbassoc-0664358ab34592d1c",
            "route_table_id": "rtb-0dd2da9f0e3728df5",
            "subnet_id": "subnet-08345badab203fef0",
            "timeouts": null
          },
          "sensitive_attributes": [],
          "private": "eyJlMmJmYjczMC1lY2FhLTExZTYtOGY4OC0zNDM2M2JjN2M0YzAiOnsiY3JlYXRlIjozMDAwMDAwMDAwMDAsImRlbGV0ZSI6MzAwMDAwMDAwMDAwLCJ1cGRhdGUiOjEyMDAwMDAwMDAwMH19",
          "dependencies": [
            "module.vpc.aws_route_table.private",
            "module.vpc.aws_subnet.private",
            "module.vpc.aws_vpc.this",
            "module.vpc.aws_vpc_ipv4_cidr_block_association.this"
          ]
        },
        {
          "index_key": 1,
          "schema_version": 0,
          "attributes": {
            "gateway_id": "",
            "id": "rtbassoc-0294991f512c7eacc",
            "route_table_id": "rtb-0dd2da9f0e3728df5",
            "subnet_id": "subnet-07e1a47a51ee02954",
            "timeouts": null
          },
          "sensitive_attributes": [],
          "private": "eyJlMmJmYjczMC1lY2FhLTExZTYtOGY4OC0zNDM2M2JjN2M0YzAiOnsiY3JlYXRlIjozMDAwMDAwMDAwMDAsImRlbGV0ZSI6MzAwMDAwMDAwMDAwLCJ1cGRhdGUiOjEyMDAwMDAwMDAwMH19",
          "dependencies": [
            "module.vpc.aws_route_table.private",
            "module.vpc.aws_subnet.private",
            "module.vpc.aws_vpc.this",
            "module.vpc.aws_vpc_ipv4_cidr_block_association.this"
          ]
        },
        {
          "index_key": 2,
          "schema_version": 0,
          "attributes": {
            "gateway_id": "",
            "id": "rtbassoc-04c824d4f991f7e93",
            "route_table_id": "rtb-0dd2da9f0e3728df5",
            "subnet_id": "subnet-0610d4457d0f1275d",
            "timeouts": null
          },
          "sensitive_attributes": [],
          "private": "eyJlMmJmYjczMC1lY2FhLTExZTYtOGY4OC0zNDM2M2JjN2M0YzAiOnsiY3JlYXRlIjozMDAwMDAwMDAwMDAsImRlbGV0ZSI6MzAwMDAwMDAwMDAwLCJ1cGRhdGUiOjEyMDAwMDAwMDAwMH19",
          "dependencies": [
            "module.vpc.aws_route_table.private",
            "module.vpc.aws_subnet.private",
            "module.vpc.aws_vpc.this",
            "module.vpc.aws_vpc_ipv4_cidr_block_association.this"
          ]
        }
      ]
    },
    {
      "module": "module.vpc",
      "mode": "managed",
      "type": "aws_route_table_association",
      "name": "public",
      "provider": "provider[\"registry.terraform.io/hashicorp/aws\"]",
      "instances": [
        {
          "index_key": 0,
          "schema_version": 0,
          "attributes": {
            "gateway_id": "",
            "id": "rtbassoc-0cee139f7baaae109",
            "route_table_id": "rtb-0bf1e00726957206e",
            "subnet_id": "subnet-046cbe03c42a2e96b",
            "timeouts": null
          },
          "sensitive_attributes": [],
          "private": "eyJlMmJmYjczMC1lY2FhLTExZTYtOGY4OC0zNDM2M2JjN2M0YzAiOnsiY3JlYXRlIjozMDAwMDAwMDAwMDAsImRlbGV0ZSI6MzAwMDAwMDAwMDAwLCJ1cGRhdGUiOjEyMDAwMDAwMDAwMH19",
          "dependencies": [
            "module.vpc.aws_route_table.public",
            "module.vpc.aws_subnet.public",
            "module.vpc.aws_vpc.this",
            "module.vpc.aws_vpc_ipv4_cidr_block_association.this"
          ]
        },
        {
          "index_key": 1,
          "schema_version": 0,
          "attributes": {
            "gateway_id": "",
            "id": "rtbassoc-0a5968d6183fdc8e5",
            "route_table_id": "rtb-0bf1e00726957206e",
            "subnet_id": "subnet-088afeb49bc4e5778",
            "timeouts": null
          },
          "sensitive_attributes": [],
          "private": "eyJlMmJmYjczMC1lY2FhLTExZTYtOGY4OC0zNDM2M2JjN2M0YzAiOnsiY3JlYXRlIjozMDAwMDAwMDAwMDAsImRlbGV0ZSI6MzAwMDAwMDAwMDAwLCJ1cGRhdGUiOjEyMDAwMDAwMDAwMH19",
          "dependencies": [
            "module.vpc.aws_route_table.public",
            "module.vpc.aws_subnet.public",
            "module.vpc.aws_vpc.this",
            "module.vpc.aws_vpc_ipv4_cidr_block_association.this"
          ]
        },
        {
          "index_key": 2,
          "schema_version": 0,
          "attributes": {
            "gateway_id": "",
            "id": "rtbassoc-0fbace4e5ef622664",
            "route_table_id": "rtb-0bf1e00726957206e",
            "subnet_id": "subnet-032059147ef355389",
            "timeouts": null
          },
          "sensitive_attributes": [],
          "private": "eyJlMmJmYjczMC1lY2FhLTExZTYtOGY4OC0zNDM2M2JjN2M0YzAiOnsiY3JlYXRlIjozMDAwMDAwMDAwMDAsImRlbGV0ZSI6MzAwMDAwMDAwMDAwLCJ1cGRhdGUiOjEyMDAwMDAwMDAwMH19",
          "dependencies": [
            "module.vpc.aws_route_table.public",
            "module.vpc.aws_subnet.public",
            "module.vpc.aws_vpc.this",
            "module.vpc.aws_vpc_ipv4_cidr_block_association.this"
          ]
        }
      ]
    },
    {
      "module": "module.vpc",
      "mode": "managed",
      "type": "aws_subnet",
      "name": "private",
      "provider": "provider[\"registry.terraform.io/hashicorp/aws\"]",
      "instances": [
        {
          "index_key": 0,
          "schema_version": 1,
          "attributes": {
            "arn": "arn:aws:ec2:us-east-1:571207880192:subnet/subnet-08345badab203fef0",
            "assign_ipv6_address_on_creation": false,
            "availability_zone": "us-east-1a",
            "availability_zone_id": "use1-az4",
            "cidr_block": "172.168.0.0/20",
            "customer_owned_ipv4_pool": "",
            "enable_dns64": false,
            "enable_lni_at_device_index": 0,
            "enable_resource_name_dns_a_record_on_launch": false,
            "enable_resource_name_dns_aaaa_record_on_launch": false,
            "id": "subnet-08345badab203fef0",
            "ipv6_cidr_block": "",
            "ipv6_cidr_block_association_id": "",
            "ipv6_native": false,
            "map_customer_owned_ip_on_launch": false,
            "map_public_ip_on_launch": false,
            "outpost_arn": "",
            "owner_id": "571207880192",
            "private_dns_hostname_type_on_launch": "ip-name",
            "tags": {
              "Name": "FPT-VPC-private-us-east-1a"
            },
            "tags_all": {
              "Name": "FPT-VPC-private-us-east-1a"
            },
            "timeouts": null,
            "vpc_id": "vpc-092206a3ad9a60136"
          },
          "sensitive_attributes": [],
          "private": "eyJlMmJmYjczMC1lY2FhLTExZTYtOGY4OC0zNDM2M2JjN2M0YzAiOnsiY3JlYXRlIjo2MDAwMDAwMDAwMDAsImRlbGV0ZSI6MTIwMDAwMDAwMDAwMH0sInNjaGVtYV92ZXJzaW9uIjoiMSJ9",
          "dependencies": [
            "module.vpc.aws_vpc.this",
            "module.vpc.aws_vpc_ipv4_cidr_block_association.this"
          ]
        },
        {
          "index_key": 1,
          "schema_version": 1,
          "attributes": {
            "arn": "arn:aws:ec2:us-east-1:571207880192:subnet/subnet-07e1a47a51ee02954",
            "assign_ipv6_address_on_creation": false,
            "availability_zone": "us-east-1b",
            "availability_zone_id": "use1-az6",
            "cidr_block": "172.168.16.0/20",
            "customer_owned_ipv4_pool": "",
            "enable_dns64": false,
            "enable_lni_at_device_index": 0,
            "enable_resource_name_dns_a_record_on_launch": false,
            "enable_resource_name_dns_aaaa_record_on_launch": false,
            "id": "subnet-07e1a47a51ee02954",
            "ipv6_cidr_block": "",
            "ipv6_cidr_block_association_id": "",
            "ipv6_native": false,
            "map_customer_owned_ip_on_launch": false,
            "map_public_ip_on_launch": false,
            "outpost_arn": "",
            "owner_id": "571207880192",
            "private_dns_hostname_type_on_launch": "ip-name",
            "tags": {
              "Name": "FPT-VPC-private-us-east-1b"
            },
            "tags_all": {
              "Name": "FPT-VPC-private-us-east-1b"
            },
            "timeouts": null,
            "vpc_id": "vpc-092206a3ad9a60136"
          },
          "sensitive_attributes": [],
          "private": "eyJlMmJmYjczMC1lY2FhLTExZTYtOGY4OC0zNDM2M2JjN2M0YzAiOnsiY3JlYXRlIjo2MDAwMDAwMDAwMDAsImRlbGV0ZSI6MTIwMDAwMDAwMDAwMH0sInNjaGVtYV92ZXJzaW9uIjoiMSJ9",
          "dependencies": [
            "module.vpc.aws_vpc.this",
            "module.vpc.aws_vpc_ipv4_cidr_block_association.this"
          ]
        },
        {
          "index_key": 2,
          "schema_version": 1,
          "attributes": {
            "arn": "arn:aws:ec2:us-east-1:571207880192:subnet/subnet-0610d4457d0f1275d",
            "assign_ipv6_address_on_creation": false,
            "availability_zone": "us-east-1c",
            "availability_zone_id": "use1-az1",
            "cidr_block": "172.168.32.0/20",
            "customer_owned_ipv4_pool": "",
            "enable_dns64": false,
            "enable_lni_at_device_index": 0,
            "enable_resource_name_dns_a_record_on_launch": false,
            "enable_resource_name_dns_aaaa_record_on_launch": false,
            "id": "subnet-0610d4457d0f1275d",
            "ipv6_cidr_block": "",
            "ipv6_cidr_block_association_id": "",
            "ipv6_native": false,
            "map_customer_owned_ip_on_launch": false,
            "map_public_ip_on_launch": false,
            "outpost_arn": "",
            "owner_id": "571207880192",
            "private_dns_hostname_type_on_launch": "ip-name",
            "tags": {
              "Name": "FPT-VPC-private-us-east-1c"
            },
            "tags_all": {
              "Name": "FPT-VPC-private-us-east-1c"
            },
            "timeouts": null,
            "vpc_id": "vpc-092206a3ad9a60136"
          },
          "sensitive_attributes": [],
          "private": "eyJlMmJmYjczMC1lY2FhLTExZTYtOGY4OC0zNDM2M2JjN2M0YzAiOnsiY3JlYXRlIjo2MDAwMDAwMDAwMDAsImRlbGV0ZSI6MTIwMDAwMDAwMDAwMH0sInNjaGVtYV92ZXJzaW9uIjoiMSJ9",
          "dependencies": [
            "module.vpc.aws_vpc.this",
            "module.vpc.aws_vpc_ipv4_cidr_block_association.this"
          ]
        }
      ]
    },
    {
      "module": "module.vpc",
      "mode": "managed",
      "type": "aws_subnet",
      "name": "public",
      "provider": "provider[\"registry.terraform.io/hashicorp/aws\"]",
      "instances": [
        {
          "index_key": 0,
          "schema_version": 1,
          "attributes": {
            "arn": "arn:aws:ec2:us-east-1:571207880192:subnet/subnet-046cbe03c42a2e96b",
            "assign_ipv6_address_on_creation": false,
            "availability_zone": "us-east-1a",
            "availability_zone_id": "use1-az4",
            "cidr_block": "172.168.48.0/20",
            "customer_owned_ipv4_pool": "",
            "enable_dns64": false,
            "enable_lni_at_device_index": 0,
            "enable_resource_name_dns_a_record_on_launch": false,
            "enable_resource_name_dns_aaaa_record_on_launch": false,
            "id": "subnet-046cbe03c42a2e96b",
            "ipv6_cidr_block": "",
            "ipv6_cidr_block_association_id": "",
            "ipv6_native": false,
            "map_customer_owned_ip_on_launch": false,
            "map_public_ip_on_launch": false,
            "outpost_arn": "",
            "owner_id": "571207880192",
            "private_dns_hostname_type_on_launch": "ip-name",
            "tags": {
              "Name": "FPT-VPC-public-us-east-1a"
            },
            "tags_all": {
              "Name": "FPT-VPC-public-us-east-1a"
            },
            "timeouts": null,
            "vpc_id": "vpc-092206a3ad9a60136"
          },
          "sensitive_attributes": [],
          "private": "eyJlMmJmYjczMC1lY2FhLTExZTYtOGY4OC0zNDM2M2JjN2M0YzAiOnsiY3JlYXRlIjo2MDAwMDAwMDAwMDAsImRlbGV0ZSI6MTIwMDAwMDAwMDAwMH0sInNjaGVtYV92ZXJzaW9uIjoiMSJ9",
          "dependencies": [
            "module.vpc.aws_vpc.this",
            "module.vpc.aws_vpc_ipv4_cidr_block_association.this"
          ]
        },
        {
          "index_key": 1,
          "schema_version": 1,
          "attributes": {
            "arn": "arn:aws:ec2:us-east-1:571207880192:subnet/subnet-088afeb49bc4e5778",
            "assign_ipv6_address_on_creation": false,
            "availability_zone": "us-east-1b",
            "availability_zone_id": "use1-az6",
            "cidr_block": "172.168.64.0/20",
            "customer_owned_ipv4_pool": "",
            "enable_dns64": false,
            "enable_lni_at_device_index": 0,
            "enable_resource_name_dns_a_record_on_launch": false,
            "enable_resource_name_dns_aaaa_record_on_launch": false,
            "id": "subnet-088afeb49bc4e5778",
            "ipv6_cidr_block": "",
            "ipv6_cidr_block_association_id": "",
            "ipv6_native": false,
            "map_customer_owned_ip_on_launch": false,
            "map_public_ip_on_launch": false,
            "outpost_arn": "",
            "owner_id": "571207880192",
            "private_dns_hostname_type_on_launch": "ip-name",
            "tags": {
              "Name": "FPT-VPC-public-us-east-1b"
            },
            "tags_all": {
              "Name": "FPT-VPC-public-us-east-1b"
            },
            "timeouts": null,
            "vpc_id": "vpc-092206a3ad9a60136"
          },
          "sensitive_attributes": [],
          "private": "eyJlMmJmYjczMC1lY2FhLTExZTYtOGY4OC0zNDM2M2JjN2M0YzAiOnsiY3JlYXRlIjo2MDAwMDAwMDAwMDAsImRlbGV0ZSI6MTIwMDAwMDAwMDAwMH0sInNjaGVtYV92ZXJzaW9uIjoiMSJ9",
          "dependencies": [
            "module.vpc.aws_vpc.this",
            "module.vpc.aws_vpc_ipv4_cidr_block_association.this"
          ]
        },
        {
          "index_key": 2,
          "schema_version": 1,
          "attributes": {
            "arn": "arn:aws:ec2:us-east-1:571207880192:subnet/subnet-032059147ef355389",
            "assign_ipv6_address_on_creation": false,
            "availability_zone": "us-east-1c",
            "availability_zone_id": "use1-az1",
            "cidr_block": "172.168.80.0/20",
            "customer_owned_ipv4_pool": "",
            "enable_dns64": false,
            "enable_lni_at_device_index": 0,
            "enable_resource_name_dns_a_record_on_launch": false,
            "enable_resource_name_dns_aaaa_record_on_launch": false,
            "id": "subnet-032059147ef355389",
            "ipv6_cidr_block": "",
            "ipv6_cidr_block_association_id": "",
            "ipv6_native": false,
            "map_customer_owned_ip_on_launch": false,
            "map_public_ip_on_launch": false,
            "outpost_arn": "",
            "owner_id": "571207880192",
            "private_dns_hostname_type_on_launch": "ip-name",
            "tags": {
              "Name": "FPT-VPC-public-us-east-1c"
            },
            "tags_all": {
              "Name": "FPT-VPC-public-us-east-1c"
            },
            "timeouts": null,
            "vpc_id": "vpc-092206a3ad9a60136"
          },
          "sensitive_attributes": [],
          "private": "eyJlMmJmYjczMC1lY2FhLTExZTYtOGY4OC0zNDM2M2JjN2M0YzAiOnsiY3JlYXRlIjo2MDAwMDAwMDAwMDAsImRlbGV0ZSI6MTIwMDAwMDAwMDAwMH0sInNjaGVtYV92ZXJzaW9uIjoiMSJ9",
          "dependencies": [
            "module.vpc.aws_vpc.this",
            "module.vpc.aws_vpc_ipv4_cidr_block_association.this"
          ]
        }
      ]
    },
    {
      "module": "module.vpc",
      "mode": "managed",
      "type": "aws_vpc",
      "name": "this",
      "provider": "provider[\"registry.terraform.io/hashicorp/aws\"]",
      "instances": [
        {
          "index_key": 0,
          "schema_version": 1,
          "attributes": {
            "arn": "arn:aws:ec2:us-east-1:571207880192:vpc/vpc-092206a3ad9a60136",
            "assign_generated_ipv6_cidr_block": false,
            "cidr_block": "172.168.0.0/16",
            "default_network_acl_id": "acl-02294714140ba83c7",
            "default_route_table_id": "rtb-08f1e6de2da3949dd",
            "default_security_group_id": "sg-02882526cf24ee270",
            "dhcp_options_id": "dopt-0c14cd89513e0e4ca",
            "enable_dns_hostnames": true,
            "enable_dns_support": true,
            "enable_network_address_usage_metrics": false,
            "id": "vpc-092206a3ad9a60136",
            "instance_tenancy": "default",
            "ipv4_ipam_pool_id": null,
            "ipv4_netmask_length": null,
            "ipv6_association_id": "",
            "ipv6_cidr_block": "",
            "ipv6_cidr_block_network_border_group": "",
            "ipv6_ipam_pool_id": "",
            "ipv6_netmask_length": 0,
            "main_route_table_id": "rtb-08f1e6de2da3949dd",
            "owner_id": "571207880192",
            "tags": {
              "Name": "FPT-VPC"
            },
            "tags_all": {
              "Name": "FPT-VPC"
            }
          },
          "sensitive_attributes": [],
          "private": "eyJzY2hlbWFfdmVyc2lvbiI6IjEifQ==",
          "create_before_destroy": true
        }
      ]
    }
  ],
  "check_results": null
}
